// !$*UTF8*$!
{
	archiveVersion = 1;
	classes = {
	};
	objectVersion = 55;
	objects = {

/* Begin PBXBuildFile section */
		3447287828E1CB0A006ABB67 /* MyWorkout WatchKit App.app in Embed Watch Content */ = {isa = PBXBuildFile; fileRef = 3447287728E1CB0A006ABB67 /* MyWorkout WatchKit App.app */; settings = {ATTRIBUTES = (RemoveHeadersOnCopy, ); }; };
		3447287D28E1CB0C006ABB67 /* Assets.xcassets in Resources */ = {isa = PBXBuildFile; fileRef = 3447287C28E1CB0C006ABB67 /* Assets.xcassets */; };
		3447288328E1CB0C006ABB67 /* MyWorkout WatchKit Extension.appex in Embed App Extensions */ = {isa = PBXBuildFile; fileRef = 3447288228E1CB0C006ABB67 /* MyWorkout WatchKit Extension.appex */; settings = {ATTRIBUTES = (RemoveHeadersOnCopy, ); }; };
		3447288828E1CB0C006ABB67 /* MyWorkoutApp.swift in Sources */ = {isa = PBXBuildFile; fileRef = 3447288728E1CB0C006ABB67 /* MyWorkoutApp.swift */; };
		3447288A28E1CB0C006ABB67 /* StartView.swift in Sources */ = {isa = PBXBuildFile; fileRef = 3447288928E1CB0C006ABB67 /* StartView.swift */; };
		3447288C28E1CB0C006ABB67 /* NotificationController.swift in Sources */ = {isa = PBXBuildFile; fileRef = 3447288B28E1CB0C006ABB67 /* NotificationController.swift */; };
		3447288E28E1CB0C006ABB67 /* NotificationView.swift in Sources */ = {isa = PBXBuildFile; fileRef = 3447288D28E1CB0C006ABB67 /* NotificationView.swift */; };
		3447289028E1CB0C006ABB67 /* ComplicationController.swift in Sources */ = {isa = PBXBuildFile; fileRef = 3447288F28E1CB0C006ABB67 /* ComplicationController.swift */; };
		3447289228E1CB0D006ABB67 /* Assets.xcassets in Resources */ = {isa = PBXBuildFile; fileRef = 3447289128E1CB0D006ABB67 /* Assets.xcassets */; };
		3447289528E1CB0D006ABB67 /* Preview Assets.xcassets in Resources */ = {isa = PBXBuildFile; fileRef = 3447289428E1CB0D006ABB67 /* Preview Assets.xcassets */; };
		34E44C0128E1D3FC0078AD9B /* SessionPagingView.swift in Sources */ = {isa = PBXBuildFile; fileRef = 34E44C0028E1D3FC0078AD9B /* SessionPagingView.swift */; };
		34E44C0328E1D4D40078AD9B /* MetricsView.swift in Sources */ = {isa = PBXBuildFile; fileRef = 34E44C0228E1D4D40078AD9B /* MetricsView.swift */; };
		34E44C0528E1D8550078AD9B /* ElapsedTimeView.swift in Sources */ = {isa = PBXBuildFile; fileRef = 34E44C0428E1D8550078AD9B /* ElapsedTimeView.swift */; };
		34E44C0728E1E8C80078AD9B /* ControlsView.swift in Sources */ = {isa = PBXBuildFile; fileRef = 34E44C0628E1E8C80078AD9B /* ControlsView.swift */; };
		34E44C0B28E1E9F10078AD9B /* SummaryView.swift in Sources */ = {isa = PBXBuildFile; fileRef = 34E44C0A28E1E9F10078AD9B /* SummaryView.swift */; };
		34E44C0D28E1EE0E0078AD9B /* ActivityRingsView.swift in Sources */ = {isa = PBXBuildFile; fileRef = 34E44C0C28E1EE0E0078AD9B /* ActivityRingsView.swift */; };
/* End PBXBuildFile section */

/* Begin PBXContainerItemProxy section */
		3447287928E1CB0A006ABB67 /* PBXContainerItemProxy */ = {
			isa = PBXContainerItemProxy;
			containerPortal = 3447286D28E1CB0A006ABB67 /* Project object */;
			proxyType = 1;
			remoteGlobalIDString = 3447287628E1CB0A006ABB67;
			remoteInfo = "MyWorkout WatchKit App";
		};
		3447288428E1CB0C006ABB67 /* PBXContainerItemProxy */ = {
			isa = PBXContainerItemProxy;
			containerPortal = 3447286D28E1CB0A006ABB67 /* Project object */;
			proxyType = 1;
			remoteGlobalIDString = 3447288128E1CB0C006ABB67;
			remoteInfo = "MyWorkout WatchKit Extension";
		};
/* End PBXContainerItemProxy section */

/* Begin PBXCopyFilesBuildPhase section */
		3447289D28E1CB0D006ABB67 /* Embed App Extensions */ = {
			isa = PBXCopyFilesBuildPhase;
			buildActionMask = 2147483647;
			dstPath = "";
			dstSubfolderSpec = 13;
			files = (
				3447288328E1CB0C006ABB67 /* MyWorkout WatchKit Extension.appex in Embed App Extensions */,
			);
			name = "Embed App Extensions";
			runOnlyForDeploymentPostprocessing = 0;
		};
		344728A128E1CB0D006ABB67 /* Embed Watch Content */ = {
			isa = PBXCopyFilesBuildPhase;
			buildActionMask = 2147483647;
			dstPath = "$(CONTENTS_FOLDER_PATH)/Watch";
			dstSubfolderSpec = 16;
			files = (
				3447287828E1CB0A006ABB67 /* MyWorkout WatchKit App.app in Embed Watch Content */,
			);
			name = "Embed Watch Content";
			runOnlyForDeploymentPostprocessing = 0;
		};
/* End PBXCopyFilesBuildPhase section */

/* Begin PBXFileReference section */
		3447287328E1CB0A006ABB67 /* MyWorkout.app */ = {isa = PBXFileReference; explicitFileType = wrapper.application; includeInIndex = 0; path = MyWorkout.app; sourceTree = BUILT_PRODUCTS_DIR; };
		3447287728E1CB0A006ABB67 /* MyWorkout WatchKit App.app */ = {isa = PBXFileReference; explicitFileType = wrapper.application; includeInIndex = 0; path = "MyWorkout WatchKit App.app"; sourceTree = BUILT_PRODUCTS_DIR; };
		3447287C28E1CB0C006ABB67 /* Assets.xcassets */ = {isa = PBXFileReference; lastKnownFileType = folder.assetcatalog; path = Assets.xcassets; sourceTree = "<group>"; };
		3447288228E1CB0C006ABB67 /* MyWorkout WatchKit Extension.appex */ = {isa = PBXFileReference; explicitFileType = "wrapper.app-extension"; includeInIndex = 0; path = "MyWorkout WatchKit Extension.appex"; sourceTree = BUILT_PRODUCTS_DIR; };
		3447288728E1CB0C006ABB67 /* MyWorkoutApp.swift */ = {isa = PBXFileReference; lastKnownFileType = sourcecode.swift; path = MyWorkoutApp.swift; sourceTree = "<group>"; };
		3447288928E1CB0C006ABB67 /* StartView.swift */ = {isa = PBXFileReference; lastKnownFileType = sourcecode.swift; path = StartView.swift; sourceTree = "<group>"; };
		3447288B28E1CB0C006ABB67 /* NotificationController.swift */ = {isa = PBXFileReference; lastKnownFileType = sourcecode.swift; path = NotificationController.swift; sourceTree = "<group>"; };
		3447288D28E1CB0C006ABB67 /* NotificationView.swift */ = {isa = PBXFileReference; lastKnownFileType = sourcecode.swift; path = NotificationView.swift; sourceTree = "<group>"; };
		3447288F28E1CB0C006ABB67 /* ComplicationController.swift */ = {isa = PBXFileReference; lastKnownFileType = sourcecode.swift; path = ComplicationController.swift; sourceTree = "<group>"; };
		3447289128E1CB0D006ABB67 /* Assets.xcassets */ = {isa = PBXFileReference; lastKnownFileType = folder.assetcatalog; path = Assets.xcassets; sourceTree = "<group>"; };
		3447289428E1CB0D006ABB67 /* Preview Assets.xcassets */ = {isa = PBXFileReference; lastKnownFileType = folder.assetcatalog; path = "Preview Assets.xcassets"; sourceTree = "<group>"; };
		3447289628E1CB0D006ABB67 /* Info.plist */ = {isa = PBXFileReference; lastKnownFileType = text.plist.xml; path = Info.plist; sourceTree = "<group>"; };
		3447289728E1CB0D006ABB67 /* PushNotificationPayload.apns */ = {isa = PBXFileReference; lastKnownFileType = text; path = PushNotificationPayload.apns; sourceTree = "<group>"; };
		34E44C0028E1D3FC0078AD9B /* SessionPagingView.swift */ = {isa = PBXFileReference; lastKnownFileType = sourcecode.swift; path = SessionPagingView.swift; sourceTree = "<group>"; };
		34E44C0228E1D4D40078AD9B /* MetricsView.swift */ = {isa = PBXFileReference; lastKnownFileType = sourcecode.swift; path = MetricsView.swift; sourceTree = "<group>"; };
		34E44C0428E1D8550078AD9B /* ElapsedTimeView.swift */ = {isa = PBXFileReference; lastKnownFileType = sourcecode.swift; path = ElapsedTimeView.swift; sourceTree = "<group>"; };
		34E44C0628E1E8C80078AD9B /* ControlsView.swift */ = {isa = PBXFileReference; lastKnownFileType = sourcecode.swift; path = ControlsView.swift; sourceTree = "<group>"; };
		34E44C0A28E1E9F10078AD9B /* SummaryView.swift */ = {isa = PBXFileReference; lastKnownFileType = sourcecode.swift; path = SummaryView.swift; sourceTree = "<group>"; };
		34E44C0C28E1EE0E0078AD9B /* ActivityRingsView.swift */ = {isa = PBXFileReference; lastKnownFileType = sourcecode.swift; path = ActivityRingsView.swift; sourceTree = "<group>"; };
/* End PBXFileReference section */

/* Begin PBXFrameworksBuildPhase section */
		3447287F28E1CB0C006ABB67 /* Frameworks */ = {
			isa = PBXFrameworksBuildPhase;
			buildActionMask = 2147483647;
			files = (
			);
			runOnlyForDeploymentPostprocessing = 0;
		};
/* End PBXFrameworksBuildPhase section */

/* Begin PBXGroup section */
		3447286C28E1CB0A006ABB67 = {
			isa = PBXGroup;
			children = (
				3447287B28E1CB0A006ABB67 /* MyWorkout WatchKit App */,
				3447288628E1CB0C006ABB67 /* MyWorkout WatchKit Extension */,
				3447287428E1CB0A006ABB67 /* Products */,
			);
			sourceTree = "<group>";
		};
		3447287428E1CB0A006ABB67 /* Products */ = {
			isa = PBXGroup;
			children = (
				3447287328E1CB0A006ABB67 /* MyWorkout.app */,
				3447287728E1CB0A006ABB67 /* MyWorkout WatchKit App.app */,
				3447288228E1CB0C006ABB67 /* MyWorkout WatchKit Extension.appex */,
			);
			name = Products;
			sourceTree = "<group>";
		};
		3447287B28E1CB0A006ABB67 /* MyWorkout WatchKit App */ = {
			isa = PBXGroup;
			children = (
				3447287C28E1CB0C006ABB67 /* Assets.xcassets */,
			);
			path = "MyWorkout WatchKit App";
			sourceTree = "<group>";
		};
		3447288628E1CB0C006ABB67 /* MyWorkout WatchKit Extension */ = {
			isa = PBXGroup;
			children = (
				3447288728E1CB0C006ABB67 /* MyWorkoutApp.swift */,
				3447288928E1CB0C006ABB67 /* StartView.swift */,
				34E44C0028E1D3FC0078AD9B /* SessionPagingView.swift */,
				34E44C0A28E1E9F10078AD9B /* SummaryView.swift */,
				34E44C0C28E1EE0E0078AD9B /* ActivityRingsView.swift */,
				34E44C0228E1D4D40078AD9B /* MetricsView.swift */,
				34E44C0628E1E8C80078AD9B /* ControlsView.swift */,
				34E44C0428E1D8550078AD9B /* ElapsedTimeView.swift */,
				3447288B28E1CB0C006ABB67 /* NotificationController.swift */,
				3447288D28E1CB0C006ABB67 /* NotificationView.swift */,
				3447288F28E1CB0C006ABB67 /* ComplicationController.swift */,
				3447289128E1CB0D006ABB67 /* Assets.xcassets */,
				3447289628E1CB0D006ABB67 /* Info.plist */,
				3447289728E1CB0D006ABB67 /* PushNotificationPayload.apns */,
				3447289328E1CB0D006ABB67 /* Preview Content */,
			);
			path = "MyWorkout WatchKit Extension";
			sourceTree = "<group>";
		};
		3447289328E1CB0D006ABB67 /* Preview Content */ = {
			isa = PBXGroup;
			children = (
				3447289428E1CB0D006ABB67 /* Preview Assets.xcassets */,
			);
			path = "Preview Content";
			sourceTree = "<group>";
		};
/* End PBXGroup section */

/* Begin PBXNativeTarget section */
		3447287228E1CB0A006ABB67 /* MyWorkout */ = {
			isa = PBXNativeTarget;
			buildConfigurationList = 344728A228E1CB0D006ABB67 /* Build configuration list for PBXNativeTarget "MyWorkout" */;
			buildPhases = (
				3447287128E1CB0A006ABB67 /* Resources */,
				344728A128E1CB0D006ABB67 /* Embed Watch Content */,
			);
			buildRules = (
			);
			dependencies = (
				3447287A28E1CB0A006ABB67 /* PBXTargetDependency */,
			);
			name = MyWorkout;
			productName = MyWorkout;
			productReference = 3447287328E1CB0A006ABB67 /* MyWorkout.app */;
			productType = "com.apple.product-type.application.watchapp2-container";
		};
		3447287628E1CB0A006ABB67 /* MyWorkout WatchKit App */ = {
			isa = PBXNativeTarget;
			buildConfigurationList = 3447289E28E1CB0D006ABB67 /* Build configuration list for PBXNativeTarget "MyWorkout WatchKit App" */;
			buildPhases = (
				3447287528E1CB0A006ABB67 /* Resources */,
				3447289D28E1CB0D006ABB67 /* Embed App Extensions */,
			);
			buildRules = (
			);
			dependencies = (
				3447288528E1CB0C006ABB67 /* PBXTargetDependency */,
			);
			name = "MyWorkout WatchKit App";
			productName = "MyWorkout WatchKit App";
			productReference = 3447287728E1CB0A006ABB67 /* MyWorkout WatchKit App.app */;
			productType = "com.apple.product-type.application.watchapp2";
		};
		3447288128E1CB0C006ABB67 /* MyWorkout WatchKit Extension */ = {
			isa = PBXNativeTarget;
			buildConfigurationList = 3447289A28E1CB0D006ABB67 /* Build configuration list for PBXNativeTarget "MyWorkout WatchKit Extension" */;
			buildPhases = (
				3447287E28E1CB0C006ABB67 /* Sources */,
				3447287F28E1CB0C006ABB67 /* Frameworks */,
				3447288028E1CB0C006ABB67 /* Resources */,
			);
			buildRules = (
			);
			dependencies = (
			);
			name = "MyWorkout WatchKit Extension";
			productName = "MyWorkout WatchKit Extension";
			productReference = 3447288228E1CB0C006ABB67 /* MyWorkout WatchKit Extension.appex */;
			productType = "com.apple.product-type.watchkit2-extension";
		};
/* End PBXNativeTarget section */

/* Begin PBXProject section */
		3447286D28E1CB0A006ABB67 /* Project object */ = {
			isa = PBXProject;
			attributes = {
				BuildIndependentTargetsInParallel = 1;
				LastSwiftUpdateCheck = 1340;
				LastUpgradeCheck = 1340;
				TargetAttributes = {
					3447287228E1CB0A006ABB67 = {
						CreatedOnToolsVersion = 13.4.1;
					};
					3447287628E1CB0A006ABB67 = {
						CreatedOnToolsVersion = 13.4.1;
					};
					3447288128E1CB0C006ABB67 = {
						CreatedOnToolsVersion = 13.4.1;
					};
				};
			};
			buildConfigurationList = 3447287028E1CB0A006ABB67 /* Build configuration list for PBXProject "MyWorkout" */;
			compatibilityVersion = "Xcode 13.0";
			developmentRegion = en;
			hasScannedForEncodings = 0;
			knownRegions = (
				en,
				Base,
			);
			mainGroup = 3447286C28E1CB0A006ABB67;
			productRefGroup = 3447287428E1CB0A006ABB67 /* Products */;
			projectDirPath = "";
			projectRoot = "";
			targets = (
				3447287228E1CB0A006ABB67 /* MyWorkout */,
				3447287628E1CB0A006ABB67 /* MyWorkout WatchKit App */,
				3447288128E1CB0C006ABB67 /* MyWorkout WatchKit Extension */,
			);
		};
/* End PBXProject section */

/* Begin PBXResourcesBuildPhase section */
		3447287128E1CB0A006ABB67 /* Resources */ = {
			isa = PBXResourcesBuildPhase;
			buildActionMask = 2147483647;
			files = (
			);
			runOnlyForDeploymentPostprocessing = 0;
		};
		3447287528E1CB0A006ABB67 /* Resources */ = {
			isa = PBXResourcesBuildPhase;
			buildActionMask = 2147483647;
			files = (
				3447287D28E1CB0C006ABB67 /* Assets.xcassets in Resources */,
			);
			runOnlyForDeploymentPostprocessing = 0;
		};
		3447288028E1CB0C006ABB67 /* Resources */ = {
			isa = PBXResourcesBuildPhase;
			buildActionMask = 2147483647;
			files = (
				3447289528E1CB0D006ABB67 /* Preview Assets.xcassets in Resources */,
				3447289228E1CB0D006ABB67 /* Assets.xcassets in Resources */,
			);
			runOnlyForDeploymentPostprocessing = 0;
		};
/* End PBXResourcesBuildPhase section */

/* Begin PBXSourcesBuildPhase section */
		3447287E28E1CB0C006ABB67 /* Sources */ = {
			isa = PBXSourcesBuildPhase;
			buildActionMask = 2147483647;
			files = (
				34E44C0528E1D8550078AD9B /* ElapsedTimeView.swift in Sources */,
				34E44C0728E1E8C80078AD9B /* ControlsView.swift in Sources */,
				3447288C28E1CB0C006ABB67 /* NotificationController.swift in Sources */,
				34E44C0D28E1EE0E0078AD9B /* ActivityRingsView.swift in Sources */,
				34E44C0328E1D4D40078AD9B /* MetricsView.swift in Sources */,
				3447288A28E1CB0C006ABB67 /* StartView.swift in Sources */,
				3447289028E1CB0C006ABB67 /* ComplicationController.swift in Sources */,
				3447288828E1CB0C006ABB67 /* MyWorkoutApp.swift in Sources */,
				34E44C0B28E1E9F10078AD9B /* SummaryView.swift in Sources */,
				3447288E28E1CB0C006ABB67 /* NotificationView.swift in Sources */,
				34E44C0128E1D3FC0078AD9B /* SessionPagingView.swift in Sources */,
			);
			runOnlyForDeploymentPostprocessing = 0;
		};
/* End PBXSourcesBuildPhase section */

/* Begin PBXTargetDependency section */
		3447287A28E1CB0A006ABB67 /* PBXTargetDependency */ = {
			isa = PBXTargetDependency;
			target = 3447287628E1CB0A006ABB67 /* MyWorkout WatchKit App */;
			targetProxy = 3447287928E1CB0A006ABB67 /* PBXContainerItemProxy */;
		};
		3447288528E1CB0C006ABB67 /* PBXTargetDependency */ = {
			isa = PBXTargetDependency;
			target = 3447288128E1CB0C006ABB67 /* MyWorkout WatchKit Extension */;
			targetProxy = 3447288428E1CB0C006ABB67 /* PBXContainerItemProxy */;
		};
/* End PBXTargetDependency section */

/* Begin XCBuildConfiguration section */
		3447289828E1CB0D006ABB67 /* Debug */ = {
			isa = XCBuildConfiguration;
			buildSettings = {
				ALWAYS_SEARCH_USER_PATHS = NO;
				CLANG_ANALYZER_NONNULL = YES;
				CLANG_ANALYZER_NUMBER_OBJECT_CONVERSION = YES_AGGRESSIVE;
				CLANG_CXX_LANGUAGE_STANDARD = "gnu++17";
				CLANG_ENABLE_MODULES = YES;
				CLANG_ENABLE_OBJC_ARC = YES;
				CLANG_ENABLE_OBJC_WEAK = YES;
				CLANG_WARN_BLOCK_CAPTURE_AUTORELEASING = YES;
				CLANG_WARN_BOOL_CONVERSION = YES;
				CLANG_WARN_COMMA = YES;
				CLANG_WARN_CONSTANT_CONVERSION = YES;
				CLANG_WARN_DEPRECATED_OBJC_IMPLEMENTATIONS = YES;
				CLANG_WARN_DIRECT_OBJC_ISA_USAGE = YES_ERROR;
				CLANG_WARN_DOCUMENTATION_COMMENTS = YES;
				CLANG_WARN_EMPTY_BODY = YES;
				CLANG_WARN_ENUM_CONVERSION = YES;
				CLANG_WARN_INFINITE_RECURSION = YES;
				CLANG_WARN_INT_CONVERSION = YES;
				CLANG_WARN_NON_LITERAL_NULL_CONVERSION = YES;
				CLANG_WARN_OBJC_IMPLICIT_RETAIN_SELF = YES;
				CLANG_WARN_OBJC_LITERAL_CONVERSION = YES;
				CLANG_WARN_OBJC_ROOT_CLASS = YES_ERROR;
				CLANG_WARN_QUOTED_INCLUDE_IN_FRAMEWORK_HEADER = YES;
				CLANG_WARN_RANGE_LOOP_ANALYSIS = YES;
				CLANG_WARN_STRICT_PROTOTYPES = YES;
				CLANG_WARN_SUSPICIOUS_MOVE = YES;
				CLANG_WARN_UNGUARDED_AVAILABILITY = YES_AGGRESSIVE;
				CLANG_WARN_UNREACHABLE_CODE = YES;
				CLANG_WARN__DUPLICATE_METHOD_MATCH = YES;
				COPY_PHASE_STRIP = NO;
				DEBUG_INFORMATION_FORMAT = dwarf;
				ENABLE_STRICT_OBJC_MSGSEND = YES;
				ENABLE_TESTABILITY = YES;
				GCC_C_LANGUAGE_STANDARD = gnu11;
				GCC_DYNAMIC_NO_PIC = NO;
				GCC_NO_COMMON_BLOCKS = YES;
				GCC_OPTIMIZATION_LEVEL = 0;
				GCC_PREPROCESSOR_DEFINITIONS = (
					"DEBUG=1",
					"$(inherited)",
				);
				GCC_WARN_64_TO_32_BIT_CONVERSION = YES;
				GCC_WARN_ABOUT_RETURN_TYPE = YES_ERROR;
				GCC_WARN_UNDECLARED_SELECTOR = YES;
				GCC_WARN_UNINITIALIZED_AUTOS = YES_AGGRESSIVE;
				GCC_WARN_UNUSED_FUNCTION = YES;
				GCC_WARN_UNUSED_VARIABLE = YES;
				MTL_ENABLE_DEBUG_INFO = INCLUDE_SOURCE;
				MTL_FAST_MATH = YES;
				ONLY_ACTIVE_ARCH = YES;
				SDKROOT = iphoneos;
				SWIFT_ACTIVE_COMPILATION_CONDITIONS = DEBUG;
				SWIFT_OPTIMIZATION_LEVEL = "-Onone";
			};
			name = Debug;
		};
		3447289928E1CB0D006ABB67 /* Release */ = {
			isa = XCBuildConfiguration;
			buildSettings = {
				ALWAYS_SEARCH_USER_PATHS = NO;
				CLANG_ANALYZER_NONNULL = YES;
				CLANG_ANALYZER_NUMBER_OBJECT_CONVERSION = YES_AGGRESSIVE;
				CLANG_CXX_LANGUAGE_STANDARD = "gnu++17";
				CLANG_ENABLE_MODULES = YES;
				CLANG_ENABLE_OBJC_ARC = YES;
				CLANG_ENABLE_OBJC_WEAK = YES;
				CLANG_WARN_BLOCK_CAPTURE_AUTORELEASING = YES;
				CLANG_WARN_BOOL_CONVERSION = YES;
				CLANG_WARN_COMMA = YES;
				CLANG_WARN_CONSTANT_CONVERSION = YES;
				CLANG_WARN_DEPRECATED_OBJC_IMPLEMENTATIONS = YES;
				CLANG_WARN_DIRECT_OBJC_ISA_USAGE = YES_ERROR;
				CLANG_WARN_DOCUMENTATION_COMMENTS = YES;
				CLANG_WARN_EMPTY_BODY = YES;
				CLANG_WARN_ENUM_CONVERSION = YES;
				CLANG_WARN_INFINITE_RECURSION = YES;
				CLANG_WARN_INT_CONVERSION = YES;
				CLANG_WARN_NON_LITERAL_NULL_CONVERSION = YES;
				CLANG_WARN_OBJC_IMPLICIT_RETAIN_SELF = YES;
				CLANG_WARN_OBJC_LITERAL_CONVERSION = YES;
				CLANG_WARN_OBJC_ROOT_CLASS = YES_ERROR;
				CLANG_WARN_QUOTED_INCLUDE_IN_FRAMEWORK_HEADER = YES;
				CLANG_WARN_RANGE_LOOP_ANALYSIS = YES;
				CLANG_WARN_STRICT_PROTOTYPES = YES;
				CLANG_WARN_SUSPICIOUS_MOVE = YES;
				CLANG_WARN_UNGUARDED_AVAILABILITY = YES_AGGRESSIVE;
				CLANG_WARN_UNREACHABLE_CODE = YES;
				CLANG_WARN__DUPLICATE_METHOD_MATCH = YES;
				COPY_PHASE_STRIP = NO;
				DEBUG_INFORMATION_FORMAT = "dwarf-with-dsym";
				ENABLE_NS_ASSERTIONS = NO;
				ENABLE_STRICT_OBJC_MSGSEND = YES;
				GCC_C_LANGUAGE_STANDARD = gnu11;
				GCC_NO_COMMON_BLOCKS = YES;
				GCC_WARN_64_TO_32_BIT_CONVERSION = YES;
				GCC_WARN_ABOUT_RETURN_TYPE = YES_ERROR;
				GCC_WARN_UNDECLARED_SELECTOR = YES;
				GCC_WARN_UNINITIALIZED_AUTOS = YES_AGGRESSIVE;
				GCC_WARN_UNUSED_FUNCTION = YES;
				GCC_WARN_UNUSED_VARIABLE = YES;
				MTL_ENABLE_DEBUG_INFO = NO;
				MTL_FAST_MATH = YES;
				SDKROOT = iphoneos;
				SWIFT_COMPILATION_MODE = wholemodule;
				SWIFT_OPTIMIZATION_LEVEL = "-O";
				VALIDATE_PRODUCT = YES;
			};
			name = Release;
		};
		3447289B28E1CB0D006ABB67 /* Debug */ = {
			isa = XCBuildConfiguration;
			buildSettings = {
				ASSETCATALOG_COMPILER_COMPLICATION_NAME = Complication;
				CODE_SIGN_STYLE = Automatic;
				CURRENT_PROJECT_VERSION = 1;
				DEVELOPMENT_ASSET_PATHS = "\"MyWorkout WatchKit Extension/Preview Content\"";
				DEVELOPMENT_TEAM = JPL38XBHJ4;
				ENABLE_PREVIEWS = YES;
				GENERATE_INFOPLIST_FILE = YES;
				INFOPLIST_FILE = "MyWorkout WatchKit Extension/Info.plist";
				INFOPLIST_KEY_CFBundleDisplayName = "MyWorkout WatchKit Extension";
				INFOPLIST_KEY_CLKComplicationPrincipalClass = "$(PRODUCT_MODULE_NAME).ComplicationController";
				INFOPLIST_KEY_NSHumanReadableCopyright = "";
				INFOPLIST_KEY_WKWatchOnly = YES;
				LD_RUNPATH_SEARCH_PATHS = (
					"$(inherited)",
					"@executable_path/Frameworks",
					"@executable_path/../../Frameworks",
				);
				MARKETING_VERSION = 1.0;
				PRODUCT_BUNDLE_IDENTIFIER = com.led.MyWorkout.watchkitapp.watchkitextension;
				PRODUCT_NAME = "${TARGET_NAME}";
				SDKROOT = watchos;
				SKIP_INSTALL = YES;
				SWIFT_EMIT_LOC_STRINGS = YES;
				SWIFT_VERSION = 5.0;
				TARGETED_DEVICE_FAMILY = 4;
				WATCHOS_DEPLOYMENT_TARGET = 8.5;
			};
			name = Debug;
		};
		3447289C28E1CB0D006ABB67 /* Release */ = {
			isa = XCBuildConfiguration;
			buildSettings = {
				ASSETCATALOG_COMPILER_COMPLICATION_NAME = Complication;
				CODE_SIGN_STYLE = Automatic;
				CURRENT_PROJECT_VERSION = 1;
				DEVELOPMENT_ASSET_PATHS = "\"MyWorkout WatchKit Extension/Preview Content\"";
				DEVELOPMENT_TEAM = JPL38XBHJ4;
				ENABLE_PREVIEWS = YES;
				GENERATE_INFOPLIST_FILE = YES;
				INFOPLIST_FILE = "MyWorkout WatchKit Extension/Info.plist";
				INFOPLIST_KEY_CFBundleDisplayName = "MyWorkout WatchKit Extension";
				INFOPLIST_KEY_CLKComplicationPrincipalClass = "$(PRODUCT_MODULE_NAME).ComplicationController";
				INFOPLIST_KEY_NSHumanReadableCopyright = "";
				INFOPLIST_KEY_WKWatchOnly = YES;
				LD_RUNPATH_SEARCH_PATHS = (
					"$(inherited)",
					"@executable_path/Frameworks",
					"@executable_path/../../Frameworks",
				);
				MARKETING_VERSION = 1.0;
				PRODUCT_BUNDLE_IDENTIFIER = com.led.MyWorkout.watchkitapp.watchkitextension;
				PRODUCT_NAME = "${TARGET_NAME}";
				SDKROOT = watchos;
				SKIP_INSTALL = YES;
				SWIFT_EMIT_LOC_STRINGS = YES;
				SWIFT_VERSION = 5.0;
				TARGETED_DEVICE_FAMILY = 4;
				WATCHOS_DEPLOYMENT_TARGET = 8.5;
			};
			name = Release;
		};
		3447289F28E1CB0D006ABB67 /* Debug */ = {
			isa = XCBuildConfiguration;
			buildSettings = {
				ALWAYS_EMBED_SWIFT_STANDARD_LIBRARIES = YES;
				ASSETCATALOG_COMPILER_APPICON_NAME = AppIcon;
				ASSETCATALOG_COMPILER_GLOBAL_ACCENT_COLOR_NAME = AccentColor;
				CODE_SIGN_STYLE = Automatic;
				CURRENT_PROJECT_VERSION = 1;
				DEVELOPMENT_TEAM = JPL38XBHJ4;
				GENERATE_INFOPLIST_FILE = YES;
				IBSC_MODULE = MyWorkout_WatchKit_Extension;
				INFOPLIST_KEY_CFBundleDisplayName = "MyWorkout WatchKit App";
				INFOPLIST_KEY_UISupportedInterfaceOrientations = "UIInterfaceOrientationPortrait UIInterfaceOrientationPortraitUpsideDown";
				MARKETING_VERSION = 1.0;
				PRODUCT_BUNDLE_IDENTIFIER = com.led.MyWorkout.watchkitapp;
				PRODUCT_NAME = "$(TARGET_NAME)";
				SDKROOT = watchos;
				SKIP_INSTALL = YES;
				SWIFT_EMIT_LOC_STRINGS = YES;
				SWIFT_VERSION = 5.0;
				TARGETED_DEVICE_FAMILY = 4;
				WATCHOS_DEPLOYMENT_TARGET = 8.5;
			};
			name = Debug;
		};
		344728A028E1CB0D006ABB67 /* Release */ = {
			isa = XCBuildConfiguration;
			buildSettings = {
				ALWAYS_EMBED_SWIFT_STANDARD_LIBRARIES = YES;
				ASSETCATALOG_COMPILER_APPICON_NAME = AppIcon;
				ASSETCATALOG_COMPILER_GLOBAL_ACCENT_COLOR_NAME = AccentColor;
				CODE_SIGN_STYLE = Automatic;
				CURRENT_PROJECT_VERSION = 1;
				DEVELOPMENT_TEAM = JPL38XBHJ4;
				GENERATE_INFOPLIST_FILE = YES;
				IBSC_MODULE = MyWorkout_WatchKit_Extension;
				INFOPLIST_KEY_CFBundleDisplayName = "MyWorkout WatchKit App";
				INFOPLIST_KEY_UISupportedInterfaceOrientations = "UIInterfaceOrientationPortrait UIInterfaceOrientationPortraitUpsideDown";
				MARKETING_VERSION = 1.0;
				PRODUCT_BUNDLE_IDENTIFIER = com.led.MyWorkout.watchkitapp;
				PRODUCT_NAME = "$(TARGET_NAME)";
				SDKROOT = watchos;
				SKIP_INSTALL = YES;
				SWIFT_EMIT_LOC_STRINGS = YES;
				SWIFT_VERSION = 5.0;
				TARGETED_DEVICE_FAMILY = 4;
				WATCHOS_DEPLOYMENT_TARGET = 8.5;
			};
			name = Release;
		};
		344728A328E1CB0D006ABB67 /* Debug */ = {
			isa = XCBuildConfiguration;
			buildSettings = {
				CODE_SIGN_STYLE = Automatic;
				CURRENT_PROJECT_VERSION = 1;
				DEVELOPMENT_TEAM = JPL38XBHJ4;
				MARKETING_VERSION = 1.0;
				PRODUCT_BUNDLE_IDENTIFIER = com.led.MyWorkout;
				PRODUCT_NAME = "$(TARGET_NAME)";
				SWIFT_VERSION = 5.0;
			};
			name = Debug;
		};
		344728A428E1CB0D006ABB67 /* Release */ = {
			isa = XCBuildConfiguration;
			buildSettings = {
				CODE_SIGN_STYLE = Automatic;
				CURRENT_PROJECT_VERSION = 1;
				DEVELOPMENT_TEAM = JPL38XBHJ4;
				MARKETING_VERSION = 1.0;
				PRODUCT_BUNDLE_IDENTIFIER = com.led.MyWorkout;
				PRODUCT_NAME = "$(TARGET_NAME)";
				SWIFT_VERSION = 5.0;
			};
			name = Release;
		};
/* End XCBuildConfiguration section */

/* Begin XCConfigurationList section */
		3447287028E1CB0A006ABB67 /* Build configuration list for PBXProject "MyWorkout" */ = {
			isa = XCConfigurationList;
			buildConfigurations = (
				3447289828E1CB0D006ABB67 /* Debug */,
				3447289928E1CB0D006ABB67 /* Release */,
			);
			defaultConfigurationIsVisible = 0;
			defaultConfigurationName = Release;
		};
		3447289A28E1CB0D006ABB67 /* Build configuration list for PBXNativeTarget "MyWorkout WatchKit Extension" */ = {
			isa = XCConfigurationList;
			buildConfigurations = (
				3447289B28E1CB0D006ABB67 /* Debug */,
				3447289C28E1CB0D006ABB67 /* Release */,
			);
			defaultConfigurationIsVisible = 0;
			defaultConfigurationName = Release;
		};
		3447289E28E1CB0D006ABB67 /* Build configuration list for PBXNativeTarget "MyWorkout WatchKit App" */ = {
			isa = XCConfigurationList;
			buildConfigurations = (
				3447289F28E1CB0D006ABB67 /* Debug */,
				344728A028E1CB0D006ABB67 /* Release */,
			);
			defaultConfigurationIsVisible = 0;
			defaultConfigurationName = Release;
		};
		344728A228E1CB0D006ABB67 /* Build configuration list for PBXNativeTarget "MyWorkout" */ = {
			isa = XCConfigurationList;
			buildConfigurations = (
				344728A328E1CB0D006ABB67 /* Debug */,
				344728A428E1CB0D006ABB67 /* Release */,
			);
			defaultConfigurationIsVisible = 0;
			defaultConfigurationName = Release;
		};
/* End XCConfigurationList section */
	};
	rootObject = 3447286D28E1CB0A006ABB67 /* Project object */;
}
