// !$*UTF8*$!
{
	archiveVersion = 1;
	classes = {
	};
	objectVersion = 55;
	objects = {

/* Begin PBXBuildFile section */
		34AC957B28BA2D2F003D87FC /* AppDelegate.swift in Sources */ = {isa = PBXBuildFile; fileRef = 34AC957A28BA2D2F003D87FC /* AppDelegate.swift */; };
		34AC957D28BA2D2F003D87FC /* ViewController.swift in Sources */ = {isa = PBXBuildFile; fileRef = 34AC957C28BA2D2F003D87FC /* ViewController.swift */; };
		34AC957F28BA2D2F003D87FC /* Experience.rcproject in Sources */ = {isa = PBXBuildFile; fileRef = 34AC957E28BA2D2F003D87FC /* Experience.rcproject */; };
		34AC958228BA2D2F003D87FC /* Main.storyboard in Resources */ = {isa = PBXBuildFile; fileRef = 34AC958028BA2D2F003D87FC /* Main.storyboard */; };
		34AC958428BA2D31003D87FC /* Assets.xcassets in Resources */ = {isa = PBXBuildFile; fileRef = 34AC958328BA2D31003D87FC /* Assets.xcassets */; };
		34AC958728BA2D31003D87FC /* LaunchScreen.storyboard in Resources */ = {isa = PBXBuildFile; fileRef = 34AC958528BA2D31003D87FC /* LaunchScreen.storyboard */; };
		34AC959A28BA3CD1003D87FC /* 03.usdz in Resources */ = {isa = PBXBuildFile; fileRef = 34AC959628BA3CD1003D87FC /* 03.usdz */; };
		34AC959B28BA3CD1003D87FC /* 01.usdz in Resources */ = {isa = PBXBuildFile; fileRef = 34AC959728BA3CD1003D87FC /* 01.usdz */; };
		34AC959C28BA3CD1003D87FC /* 02.usdz in Resources */ = {isa = PBXBuildFile; fileRef = 34AC959828BA3CD1003D87FC /* 02.usdz */; };
		34AC959D28BA3CD1003D87FC /* 04.usdz in Resources */ = {isa = PBXBuildFile; fileRef = 34AC959928BA3CD1003D87FC /* 04.usdz */; };
		34C5C2A928BCCD2A00E8A0DB /* ViewController+Node.swift in Sources */ = {isa = PBXBuildFile; fileRef = 34C5C2A828BCCD2A00E8A0DB /* ViewController+Node.swift */; };
		34C5C2AC28BCCD7600E8A0DB /* SCNVector3.swift in Sources */ = {isa = PBXBuildFile; fileRef = 34C5C2AB28BCCD7600E8A0DB /* SCNVector3.swift */; };
		34C5C2AF28BCCDAB00E8A0DB /* NodeType.swift in Sources */ = {isa = PBXBuildFile; fileRef = 34C5C2AE28BCCDAB00E8A0DB /* NodeType.swift */; };
		34C5C2B128BCCDCD00E8A0DB /* ContactType.swift in Sources */ = {isa = PBXBuildFile; fileRef = 34C5C2B028BCCDCD00E8A0DB /* ContactType.swift */; };
		34C5C2B328BCCE8700E8A0DB /* ViewController+Utilies.swift in Sources */ = {isa = PBXBuildFile; fileRef = 34C5C2B228BCCE8700E8A0DB /* ViewController+Utilies.swift */; };
		34C5C2B528BCD01600E8A0DB /* float4x4.swift in Sources */ = {isa = PBXBuildFile; fileRef = 34C5C2B428BCD01600E8A0DB /* float4x4.swift */; };
/* End PBXBuildFile section */

/* Begin PBXFileReference section */
		34AC957728BA2D2F003D87FC /* RealityKitTutorial.app */ = {isa = PBXFileReference; explicitFileType = wrapper.application; includeInIndex = 0; path = RealityKitTutorial.app; sourceTree = BUILT_PRODUCTS_DIR; };
		34AC957A28BA2D2F003D87FC /* AppDelegate.swift */ = {isa = PBXFileReference; lastKnownFileType = sourcecode.swift; path = AppDelegate.swift; sourceTree = "<group>"; };
		34AC957C28BA2D2F003D87FC /* ViewController.swift */ = {isa = PBXFileReference; lastKnownFileType = sourcecode.swift; path = ViewController.swift; sourceTree = "<group>"; };
		34AC957E28BA2D2F003D87FC /* Experience.rcproject */ = {isa = PBXFileReference; lastKnownFileType = file.rcproject; path = Experience.rcproject; sourceTree = "<group>"; };
		34AC958128BA2D2F003D87FC /* Base */ = {isa = PBXFileReference; lastKnownFileType = file.storyboard; name = Base; path = Base.lproj/Main.storyboard; sourceTree = "<group>"; };
		34AC958328BA2D31003D87FC /* Assets.xcassets */ = {isa = PBXFileReference; lastKnownFileType = folder.assetcatalog; path = Assets.xcassets; sourceTree = "<group>"; };
		34AC958628BA2D31003D87FC /* Base */ = {isa = PBXFileReference; lastKnownFileType = file.storyboard; name = Base; path = Base.lproj/LaunchScreen.storyboard; sourceTree = "<group>"; };
		34AC959628BA3CD1003D87FC /* 03.usdz */ = {isa = PBXFileReference; lastKnownFileType = file.usdz; path = 03.usdz; sourceTree = "<group>"; };
		34AC959728BA3CD1003D87FC /* 01.usdz */ = {isa = PBXFileReference; lastKnownFileType = file.usdz; path = 01.usdz; sourceTree = "<group>"; };
		34AC959828BA3CD1003D87FC /* 02.usdz */ = {isa = PBXFileReference; lastKnownFileType = file.usdz; path = 02.usdz; sourceTree = "<group>"; };
		34AC959928BA3CD1003D87FC /* 04.usdz */ = {isa = PBXFileReference; lastKnownFileType = file.usdz; path = 04.usdz; sourceTree = "<group>"; };
		34C5C2A828BCCD2A00E8A0DB /* ViewController+Node.swift */ = {isa = PBXFileReference; lastKnownFileType = sourcecode.swift; path = "ViewController+Node.swift"; sourceTree = "<group>"; };
		34C5C2AB28BCCD7600E8A0DB /* SCNVector3.swift */ = {isa = PBXFileReference; lastKnownFileType = sourcecode.swift; path = SCNVector3.swift; sourceTree = "<group>"; };
		34C5C2AE28BCCDAB00E8A0DB /* NodeType.swift */ = {isa = PBXFileReference; lastKnownFileType = sourcecode.swift; path = NodeType.swift; sourceTree = "<group>"; };
		34C5C2B028BCCDCD00E8A0DB /* ContactType.swift */ = {isa = PBXFileReference; lastKnownFileType = sourcecode.swift; path = ContactType.swift; sourceTree = "<group>"; };
		34C5C2B228BCCE8700E8A0DB /* ViewController+Utilies.swift */ = {isa = PBXFileReference; lastKnownFileType = sourcecode.swift; path = "ViewController+Utilies.swift"; sourceTree = "<group>"; };
		34C5C2B428BCD01600E8A0DB /* float4x4.swift */ = {isa = PBXFileReference; lastKnownFileType = sourcecode.swift; path = float4x4.swift; sourceTree = "<group>"; };
/* End PBXFileReference section */

/* Begin PBXFrameworksBuildPhase section */
		34AC957428BA2D2F003D87FC /* Frameworks */ = {
			isa = PBXFrameworksBuildPhase;
			buildActionMask = 2147483647;
			files = (
			);
			runOnlyForDeploymentPostprocessing = 0;
		};
/* End PBXFrameworksBuildPhase section */

/* Begin PBXGroup section */
		34AC956E28BA2D2F003D87FC = {
			isa = PBXGroup;
			children = (
				34AC957928BA2D2F003D87FC /* RealityKitTutorial */,
				34AC957828BA2D2F003D87FC /* Products */,
			);
			sourceTree = "<group>";
		};
		34AC957828BA2D2F003D87FC /* Products */ = {
			isa = PBXGroup;
			children = (
				34AC957728BA2D2F003D87FC /* RealityKitTutorial.app */,
			);
			name = Products;
			sourceTree = "<group>";
		};
		34AC957928BA2D2F003D87FC /* RealityKitTutorial */ = {
			isa = PBXGroup;
			children = (
				34C5C2AD28BCCD9500E8A0DB /* Enum */,
				34C5C2AA28BCCD6A00E8A0DB /* Extension */,
				34AC958D28BA364B003D87FC /* ModelFile */,
				34AC957A28BA2D2F003D87FC /* AppDelegate.swift */,
				34AC957C28BA2D2F003D87FC /* ViewController.swift */,
				34C5C2A828BCCD2A00E8A0DB /* ViewController+Node.swift */,
				34C5C2B228BCCE8700E8A0DB /* ViewController+Utilies.swift */,
				34AC957E28BA2D2F003D87FC /* Experience.rcproject */,
				34AC958028BA2D2F003D87FC /* Main.storyboard */,
				34AC958328BA2D31003D87FC /* Assets.xcassets */,
				34AC958528BA2D31003D87FC /* LaunchScreen.storyboard */,
			);
			path = RealityKitTutorial;
			sourceTree = "<group>";
		};
		34AC958D28BA364B003D87FC /* ModelFile */ = {
			isa = PBXGroup;
			children = (
				34AC959728BA3CD1003D87FC /* 01.usdz */,
				34AC959828BA3CD1003D87FC /* 02.usdz */,
				34AC959628BA3CD1003D87FC /* 03.usdz */,
				34AC959928BA3CD1003D87FC /* 04.usdz */,
			);
			path = ModelFile;
			sourceTree = "<group>";
		};
		34C5C2AA28BCCD6A00E8A0DB /* Extension */ = {
			isa = PBXGroup;
			children = (
				34C5C2AB28BCCD7600E8A0DB /* SCNVector3.swift */,
				34C5C2B428BCD01600E8A0DB /* float4x4.swift */,
			);
			path = Extension;
			sourceTree = "<group>";
		};
		34C5C2AD28BCCD9500E8A0DB /* Enum */ = {
			isa = PBXGroup;
			children = (
				34C5C2AE28BCCDAB00E8A0DB /* NodeType.swift */,
				34C5C2B028BCCDCD00E8A0DB /* ContactType.swift */,
			);
			path = Enum;
			sourceTree = "<group>";
		};
/* End PBXGroup section */

/* Begin PBXNativeTarget section */
		34AC957628BA2D2F003D87FC /* RealityKitTutorial */ = {
			isa = PBXNativeTarget;
			buildConfigurationList = 34AC958A28BA2D31003D87FC /* Build configuration list for PBXNativeTarget "RealityKitTutorial" */;
			buildPhases = (
				34AC957328BA2D2F003D87FC /* Sources */,
				34AC957428BA2D2F003D87FC /* Frameworks */,
				34AC957528BA2D2F003D87FC /* Resources */,
			);
			buildRules = (
			);
			dependencies = (
			);
			name = RealityKitTutorial;
			productName = RealityKitTutorial;
			productReference = 34AC957728BA2D2F003D87FC /* RealityKitTutorial.app */;
			productType = "com.apple.product-type.application";
		};
/* End PBXNativeTarget section */

/* Begin PBXProject section */
		34AC956F28BA2D2F003D87FC /* Project object */ = {
			isa = PBXProject;
			attributes = {
				BuildIndependentTargetsInParallel = 1;
				LastSwiftUpdateCheck = 1340;
				LastUpgradeCheck = 1340;
				TargetAttributes = {
					34AC957628BA2D2F003D87FC = {
						CreatedOnToolsVersion = 13.4.1;
					};
				};
			};
			buildConfigurationList = 34AC957228BA2D2F003D87FC /* Build configuration list for PBXProject "RealityKitTutorial" */;
			compatibilityVersion = "Xcode 13.0";
			developmentRegion = en;
			hasScannedForEncodings = 0;
			knownRegions = (
				en,
				Base,
			);
			mainGroup = 34AC956E28BA2D2F003D87FC;
			productRefGroup = 34AC957828BA2D2F003D87FC /* Products */;
			projectDirPath = "";
			projectRoot = "";
			targets = (
				34AC957628BA2D2F003D87FC /* RealityKitTutorial */,
			);
		};
/* End PBXProject section */

/* Begin PBXResourcesBuildPhase section */
		34AC957528BA2D2F003D87FC /* Resources */ = {
			isa = PBXResourcesBuildPhase;
			buildActionMask = 2147483647;
			files = (
				34AC958728BA2D31003D87FC /* LaunchScreen.storyboard in Resources */,
				34AC959B28BA3CD1003D87FC /* 01.usdz in Resources */,
				34AC958428BA2D31003D87FC /* Assets.xcassets in Resources */,
				34AC959D28BA3CD1003D87FC /* 04.usdz in Resources */,
				34AC959C28BA3CD1003D87FC /* 02.usdz in Resources */,
				34AC959A28BA3CD1003D87FC /* 03.usdz in Resources */,
				34AC958228BA2D2F003D87FC /* Main.storyboard in Resources */,
			);
			runOnlyForDeploymentPostprocessing = 0;
		};
/* End PBXResourcesBuildPhase section */

/* Begin PBXSourcesBuildPhase section */
		34AC957328BA2D2F003D87FC /* Sources */ = {
			isa = PBXSourcesBuildPhase;
			buildActionMask = 2147483647;
			files = (
				34C5C2B328BCCE8700E8A0DB /* ViewController+Utilies.swift in Sources */,
				34C5C2A928BCCD2A00E8A0DB /* ViewController+Node.swift in Sources */,
				34C5C2B128BCCDCD00E8A0DB /* ContactType.swift in Sources */,
				34C5C2B528BCD01600E8A0DB /* float4x4.swift in Sources */,
				34C5C2AC28BCCD7600E8A0DB /* SCNVector3.swift in Sources */,
				34AC957D28BA2D2F003D87FC /* ViewController.swift in Sources */,
				34C5C2AF28BCCDAB00E8A0DB /* NodeType.swift in Sources */,
				34AC957B28BA2D2F003D87FC /* AppDelegate.swift in Sources */,
				34AC957F28BA2D2F003D87FC /* Experience.rcproject in Sources */,
			);
			runOnlyForDeploymentPostprocessing = 0;
		};
/* End PBXSourcesBuildPhase section */

/* Begin PBXVariantGroup section */
		34AC958028BA2D2F003D87FC /* Main.storyboard */ = {
			isa = PBXVariantGroup;
			children = (
				34AC958128BA2D2F003D87FC /* Base */,
			);
			name = Main.storyboard;
			sourceTree = "<group>";
		};
		34AC958528BA2D31003D87FC /* LaunchScreen.storyboard */ = {
			isa = PBXVariantGroup;
			children = (
				34AC958628BA2D31003D87FC /* Base */,
			);
			name = LaunchScreen.storyboard;
			sourceTree = "<group>";
		};
/* End PBXVariantGroup section */

/* Begin XCBuildConfiguration section */
		34AC958828BA2D31003D87FC /* Debug */ = {
			isa = XCBuildConfiguration;
			buildSettings = {
				ALWAYS_SEARCH_USER_PATHS = NO;
				CLANG_ANALYZER_NONNULL = YES;
				CLANG_ANALYZER_NUMBER_OBJECT_CONVERSION = YES_AGGRESSIVE;
				CLANG_CXX_LANGUAGE_STANDARD = "gnu++17";
				CLANG_ENABLE_MODULES = YES;
				CLANG_ENABLE_OBJC_ARC = YES;
				CLANG_ENABLE_OBJC_WEAK = YES;
				CLANG_WARN_BLOCK_CAPTURE_AUTORELEASING = YES;
				CLANG_WARN_BOOL_CONVERSION = YES;
				CLANG_WARN_COMMA = YES;
				CLANG_WARN_CONSTANT_CONVERSION = YES;
				CLANG_WARN_DEPRECATED_OBJC_IMPLEMENTATIONS = YES;
				CLANG_WARN_DIRECT_OBJC_ISA_USAGE = YES_ERROR;
				CLANG_WARN_DOCUMENTATION_COMMENTS = YES;
				CLANG_WARN_EMPTY_BODY = YES;
				CLANG_WARN_ENUM_CONVERSION = YES;
				CLANG_WARN_INFINITE_RECURSION = YES;
				CLANG_WARN_INT_CONVERSION = YES;
				CLANG_WARN_NON_LITERAL_NULL_CONVERSION = YES;
				CLANG_WARN_OBJC_IMPLICIT_RETAIN_SELF = YES;
				CLANG_WARN_OBJC_LITERAL_CONVERSION = YES;
				CLANG_WARN_OBJC_ROOT_CLASS = YES_ERROR;
				CLANG_WARN_QUOTED_INCLUDE_IN_FRAMEWORK_HEADER = YES;
				CLANG_WARN_RANGE_LOOP_ANALYSIS = YES;
				CLANG_WARN_STRICT_PROTOTYPES = YES;
				CLANG_WARN_SUSPICIOUS_MOVE = YES;
				CLANG_WARN_UNGUARDED_AVAILABILITY = YES_AGGRESSIVE;
				CLANG_WARN_UNREACHABLE_CODE = YES;
				CLANG_WARN__DUPLICATE_METHOD_MATCH = YES;
				COPY_PHASE_STRIP = NO;
				DEBUG_INFORMATION_FORMAT = dwarf;
				ENABLE_STRICT_OBJC_MSGSEND = YES;
				ENABLE_TESTABILITY = YES;
				GCC_C_LANGUAGE_STANDARD = gnu11;
				GCC_DYNAMIC_NO_PIC = NO;
				GCC_NO_COMMON_BLOCKS = YES;
				GCC_OPTIMIZATION_LEVEL = 0;
				GCC_PREPROCESSOR_DEFINITIONS = (
					"DEBUG=1",
					"$(inherited)",
				);
				GCC_WARN_64_TO_32_BIT_CONVERSION = YES;
				GCC_WARN_ABOUT_RETURN_TYPE = YES_ERROR;
				GCC_WARN_UNDECLARED_SELECTOR = YES;
				GCC_WARN_UNINITIALIZED_AUTOS = YES_AGGRESSIVE;
				GCC_WARN_UNUSED_FUNCTION = YES;
				GCC_WARN_UNUSED_VARIABLE = YES;
				IPHONEOS_DEPLOYMENT_TARGET = 15.5;
				MTL_ENABLE_DEBUG_INFO = INCLUDE_SOURCE;
				MTL_FAST_MATH = YES;
				ONLY_ACTIVE_ARCH = YES;
				SDKROOT = iphoneos;
				SWIFT_ACTIVE_COMPILATION_CONDITIONS = DEBUG;
				SWIFT_OPTIMIZATION_LEVEL = "-Onone";
			};
			name = Debug;
		};
		34AC958928BA2D31003D87FC /* Release */ = {
			isa = XCBuildConfiguration;
			buildSettings = {
				ALWAYS_SEARCH_USER_PATHS = NO;
				CLANG_ANALYZER_NONNULL = YES;
				CLANG_ANALYZER_NUMBER_OBJECT_CONVERSION = YES_AGGRESSIVE;
				CLANG_CXX_LANGUAGE_STANDARD = "gnu++17";
				CLANG_ENABLE_MODULES = YES;
				CLANG_ENABLE_OBJC_ARC = YES;
				CLANG_ENABLE_OBJC_WEAK = YES;
				CLANG_WARN_BLOCK_CAPTURE_AUTORELEASING = YES;
				CLANG_WARN_BOOL_CONVERSION = YES;
				CLANG_WARN_COMMA = YES;
				CLANG_WARN_CONSTANT_CONVERSION = YES;
				CLANG_WARN_DEPRECATED_OBJC_IMPLEMENTATIONS = YES;
				CLANG_WARN_DIRECT_OBJC_ISA_USAGE = YES_ERROR;
				CLANG_WARN_DOCUMENTATION_COMMENTS = YES;
				CLANG_WARN_EMPTY_BODY = YES;
				CLANG_WARN_ENUM_CONVERSION = YES;
				CLANG_WARN_INFINITE_RECURSION = YES;
				CLANG_WARN_INT_CONVERSION = YES;
				CLANG_WARN_NON_LITERAL_NULL_CONVERSION = YES;
				CLANG_WARN_OBJC_IMPLICIT_RETAIN_SELF = YES;
				CLANG_WARN_OBJC_LITERAL_CONVERSION = YES;
				CLANG_WARN_OBJC_ROOT_CLASS = YES_ERROR;
				CLANG_WARN_QUOTED_INCLUDE_IN_FRAMEWORK_HEADER = YES;
				CLANG_WARN_RANGE_LOOP_ANALYSIS = YES;
				CLANG_WARN_STRICT_PROTOTYPES = YES;
				CLANG_WARN_SUSPICIOUS_MOVE = YES;
				CLANG_WARN_UNGUARDED_AVAILABILITY = YES_AGGRESSIVE;
				CLANG_WARN_UNREACHABLE_CODE = YES;
				CLANG_WARN__DUPLICATE_METHOD_MATCH = YES;
				COPY_PHASE_STRIP = NO;
				DEBUG_INFORMATION_FORMAT = "dwarf-with-dsym";
				ENABLE_NS_ASSERTIONS = NO;
				ENABLE_STRICT_OBJC_MSGSEND = YES;
				GCC_C_LANGUAGE_STANDARD = gnu11;
				GCC_NO_COMMON_BLOCKS = YES;
				GCC_WARN_64_TO_32_BIT_CONVERSION = YES;
				GCC_WARN_ABOUT_RETURN_TYPE = YES_ERROR;
				GCC_WARN_UNDECLARED_SELECTOR = YES;
				GCC_WARN_UNINITIALIZED_AUTOS = YES_AGGRESSIVE;
				GCC_WARN_UNUSED_FUNCTION = YES;
				GCC_WARN_UNUSED_VARIABLE = YES;
				IPHONEOS_DEPLOYMENT_TARGET = 15.5;
				MTL_ENABLE_DEBUG_INFO = NO;
				MTL_FAST_MATH = YES;
				SDKROOT = iphoneos;
				SWIFT_COMPILATION_MODE = wholemodule;
				SWIFT_OPTIMIZATION_LEVEL = "-O";
				VALIDATE_PRODUCT = YES;
			};
			name = Release;
		};
		34AC958B28BA2D31003D87FC /* Debug */ = {
			isa = XCBuildConfiguration;
			buildSettings = {
				ASSETCATALOG_COMPILER_APPICON_NAME = AppIcon;
				ASSETCATALOG_COMPILER_GLOBAL_ACCENT_COLOR_NAME = AccentColor;
				CODE_SIGN_STYLE = Automatic;
				CURRENT_PROJECT_VERSION = 1;
				DEVELOPMENT_TEAM = JPL38XBHJ4;
				GENERATE_INFOPLIST_FILE = YES;
				INFOPLIST_KEY_NSCameraUsageDescription = "";
				INFOPLIST_KEY_UIApplicationSupportsIndirectInputEvents = YES;
				INFOPLIST_KEY_UILaunchStoryboardName = LaunchScreen;
				INFOPLIST_KEY_UIMainStoryboardFile = Main;
				INFOPLIST_KEY_UIRequiredDeviceCapabilities = arkit;
				INFOPLIST_KEY_UIStatusBarHidden = YES;
				INFOPLIST_KEY_UISupportedInterfaceOrientations_iPad = "UIInterfaceOrientationPortrait UIInterfaceOrientationPortraitUpsideDown UIInterfaceOrientationLandscapeLeft UIInterfaceOrientationLandscapeRight";
				INFOPLIST_KEY_UISupportedInterfaceOrientations_iPhone = "UIInterfaceOrientationPortrait UIInterfaceOrientationLandscapeLeft UIInterfaceOrientationLandscapeRight";
				LD_RUNPATH_SEARCH_PATHS = (
					"$(inherited)",
					"@executable_path/Frameworks",
				);
				MARKETING_VERSION = 1.0;
				PRODUCT_BUNDLE_IDENTIFIER = com.led.RealityKitTutorial;
				PRODUCT_NAME = "$(TARGET_NAME)";
				SWIFT_EMIT_LOC_STRINGS = YES;
				SWIFT_VERSION = 5.0;
				TARGETED_DEVICE_FAMILY = "1,2";
			};
			name = Debug;
		};
		34AC958C28BA2D31003D87FC /* Release */ = {
			isa = XCBuildConfiguration;
			buildSettings = {
				ASSETCATALOG_COMPILER_APPICON_NAME = AppIcon;
				ASSETCATALOG_COMPILER_GLOBAL_ACCENT_COLOR_NAME = AccentColor;
				CODE_SIGN_STYLE = Automatic;
				CURRENT_PROJECT_VERSION = 1;
				DEVELOPMENT_TEAM = JPL38XBHJ4;
				GENERATE_INFOPLIST_FILE = YES;
				INFOPLIST_KEY_NSCameraUsageDescription = "";
				INFOPLIST_KEY_UIApplicationSupportsIndirectInputEvents = YES;
				INFOPLIST_KEY_UILaunchStoryboardName = LaunchScreen;
				INFOPLIST_KEY_UIMainStoryboardFile = Main;
				INFOPLIST_KEY_UIRequiredDeviceCapabilities = arkit;
				INFOPLIST_KEY_UIStatusBarHidden = YES;
				INFOPLIST_KEY_UISupportedInterfaceOrientations_iPad = "UIInterfaceOrientationPortrait UIInterfaceOrientationPortraitUpsideDown UIInterfaceOrientationLandscapeLeft UIInterfaceOrientationLandscapeRight";
				INFOPLIST_KEY_UISupportedInterfaceOrientations_iPhone = "UIInterfaceOrientationPortrait UIInterfaceOrientationLandscapeLeft UIInterfaceOrientationLandscapeRight";
				LD_RUNPATH_SEARCH_PATHS = (
					"$(inherited)",
					"@executable_path/Frameworks",
				);
				MARKETING_VERSION = 1.0;
				PRODUCT_BUNDLE_IDENTIFIER = com.led.RealityKitTutorial;
				PRODUCT_NAME = "$(TARGET_NAME)";
				SWIFT_EMIT_LOC_STRINGS = YES;
				SWIFT_VERSION = 5.0;
				TARGETED_DEVICE_FAMILY = "1,2";
			};
			name = Release;
		};
/* End XCBuildConfiguration section */

/* Begin XCConfigurationList section */
		34AC957228BA2D2F003D87FC /* Build configuration list for PBXProject "RealityKitTutorial" */ = {
			isa = XCConfigurationList;
			buildConfigurations = (
				34AC958828BA2D31003D87FC /* Debug */,
				34AC958928BA2D31003D87FC /* Release */,
			);
			defaultConfigurationIsVisible = 0;
			defaultConfigurationName = Release;
		};
		34AC958A28BA2D31003D87FC /* Build configuration list for PBXNativeTarget "RealityKitTutorial" */ = {
			isa = XCConfigurationList;
			buildConfigurations = (
				34AC958B28BA2D31003D87FC /* Debug */,
				34AC958C28BA2D31003D87FC /* Release */,
			);
			defaultConfigurationIsVisible = 0;
			defaultConfigurationName = Release;
		};
/* End XCConfigurationList section */
	};
	rootObject = 34AC956F28BA2D2F003D87FC /* Project object */;
}
