// !$*UTF8*$!
{
	archiveVersion = 1;
	classes = {
	};
	objectVersion = 56;
	objects = {

/* Begin PBXBuildFile section */
		345054AA28FD8A0D00DC2377 /* RxSwift in Frameworks */ = {isa = PBXBuildFile; productRef = 345054A928FD8A0D00DC2377 /* RxSwift */; };
		345E3D8828FD85E000EB0689 /* AppDelegate.swift in Sources */ = {isa = PBXBuildFile; fileRef = 345E3D8728FD85E000EB0689 /* AppDelegate.swift */; };
		345E3D8A28FD85E000EB0689 /* SceneDelegate.swift in Sources */ = {isa = PBXBuildFile; fileRef = 345E3D8928FD85E000EB0689 /* SceneDelegate.swift */; };
		345E3D8C28FD85E000EB0689 /* ViewController.swift in Sources */ = {isa = PBXBuildFile; fileRef = 345E3D8B28FD85E000EB0689 /* ViewController.swift */; };
		345E3D8F28FD85E000EB0689 /* Main.storyboard in Resources */ = {isa = PBXBuildFile; fileRef = 345E3D8D28FD85E000EB0689 /* Main.storyboard */; };
		345E3D9128FD85E100EB0689 /* Assets.xcassets in Resources */ = {isa = PBXBuildFile; fileRef = 345E3D9028FD85E100EB0689 /* Assets.xcassets */; };
		345E3D9428FD85E100EB0689 /* LaunchScreen.storyboard in Resources */ = {isa = PBXBuildFile; fileRef = 345E3D9228FD85E100EB0689 /* LaunchScreen.storyboard */; };
		3462996528FD91C200DFA07E /* RxCocoa in Frameworks */ = {isa = PBXBuildFile; productRef = 3462996428FD91C200DFA07E /* RxCocoa */; };
		3462996728FD939100DFA07E /* DetailViewController.swift in Sources */ = {isa = PBXBuildFile; fileRef = 3462996628FD939100DFA07E /* DetailViewController.swift */; };
/* End PBXBuildFile section */

/* Begin PBXFileReference section */
		345E3D8428FD85E000EB0689 /* PracticeRX.app */ = {isa = PBXFileReference; explicitFileType = wrapper.application; includeInIndex = 0; path = PracticeRX.app; sourceTree = BUILT_PRODUCTS_DIR; };
		345E3D8728FD85E000EB0689 /* AppDelegate.swift */ = {isa = PBXFileReference; lastKnownFileType = sourcecode.swift; path = AppDelegate.swift; sourceTree = "<group>"; };
		345E3D8928FD85E000EB0689 /* SceneDelegate.swift */ = {isa = PBXFileReference; lastKnownFileType = sourcecode.swift; path = SceneDelegate.swift; sourceTree = "<group>"; };
		345E3D8B28FD85E000EB0689 /* ViewController.swift */ = {isa = PBXFileReference; lastKnownFileType = sourcecode.swift; path = ViewController.swift; sourceTree = "<group>"; };
		345E3D8E28FD85E000EB0689 /* Base */ = {isa = PBXFileReference; lastKnownFileType = file.storyboard; name = Base; path = Base.lproj/Main.storyboard; sourceTree = "<group>"; };
		345E3D9028FD85E100EB0689 /* Assets.xcassets */ = {isa = PBXFileReference; lastKnownFileType = folder.assetcatalog; path = Assets.xcassets; sourceTree = "<group>"; };
		345E3D9328FD85E100EB0689 /* Base */ = {isa = PBXFileReference; lastKnownFileType = file.storyboard; name = Base; path = Base.lproj/LaunchScreen.storyboard; sourceTree = "<group>"; };
		345E3D9528FD85E100EB0689 /* Info.plist */ = {isa = PBXFileReference; lastKnownFileType = text.plist.xml; path = Info.plist; sourceTree = "<group>"; };
		3462996628FD939100DFA07E /* DetailViewController.swift */ = {isa = PBXFileReference; lastKnownFileType = sourcecode.swift; path = DetailViewController.swift; sourceTree = "<group>"; };
/* End PBXFileReference section */

/* Begin PBXFrameworksBuildPhase section */
		345E3D8128FD85E000EB0689 /* Frameworks */ = {
			isa = PBXFrameworksBuildPhase;
			buildActionMask = 2147483647;
			files = (
				3462996528FD91C200DFA07E /* RxCocoa in Frameworks */,
				345054AA28FD8A0D00DC2377 /* RxSwift in Frameworks */,
			);
			runOnlyForDeploymentPostprocessing = 0;
		};
/* End PBXFrameworksBuildPhase section */

/* Begin PBXGroup section */
		345054A828FD8A0D00DC2377 /* Frameworks */ = {
			isa = PBXGroup;
			children = (
			);
			name = Frameworks;
			sourceTree = "<group>";
		};
		345E3D7B28FD85E000EB0689 = {
			isa = PBXGroup;
			children = (
				345E3D8628FD85E000EB0689 /* PracticeRX */,
				345E3D8528FD85E000EB0689 /* Products */,
				345054A828FD8A0D00DC2377 /* Frameworks */,
			);
			sourceTree = "<group>";
		};
		345E3D8528FD85E000EB0689 /* Products */ = {
			isa = PBXGroup;
			children = (
				345E3D8428FD85E000EB0689 /* PracticeRX.app */,
			);
			name = Products;
			sourceTree = "<group>";
		};
		345E3D8628FD85E000EB0689 /* PracticeRX */ = {
			isa = PBXGroup;
			children = (
				345E3D8728FD85E000EB0689 /* AppDelegate.swift */,
				345E3D8928FD85E000EB0689 /* SceneDelegate.swift */,
				345E3D8B28FD85E000EB0689 /* ViewController.swift */,
				345E3D8D28FD85E000EB0689 /* Main.storyboard */,
				3462996628FD939100DFA07E /* DetailViewController.swift */,
				345E3D9028FD85E100EB0689 /* Assets.xcassets */,
				345E3D9228FD85E100EB0689 /* LaunchScreen.storyboard */,
				345E3D9528FD85E100EB0689 /* Info.plist */,
			);
			path = PracticeRX;
			sourceTree = "<group>";
		};
/* End PBXGroup section */

/* Begin PBXNativeTarget section */
		345E3D8328FD85E000EB0689 /* PracticeRX */ = {
			isa = PBXNativeTarget;
			buildConfigurationList = 345E3D9828FD85E100EB0689 /* Build configuration list for PBXNativeTarget "PracticeRX" */;
			buildPhases = (
				345E3D8028FD85E000EB0689 /* Sources */,
				345E3D8128FD85E000EB0689 /* Frameworks */,
				345E3D8228FD85E000EB0689 /* Resources */,
			);
			buildRules = (
			);
			dependencies = (
			);
			name = PracticeRX;
			packageProductDependencies = (
				345054A928FD8A0D00DC2377 /* RxSwift */,
				3462996428FD91C200DFA07E /* RxCocoa */,
			);
			productName = PracticeRX;
			productReference = 345E3D8428FD85E000EB0689 /* PracticeRX.app */;
			productType = "com.apple.product-type.application";
		};
/* End PBXNativeTarget section */

/* Begin PBXProject section */
		345E3D7C28FD85E000EB0689 /* Project object */ = {
			isa = PBXProject;
			attributes = {
				BuildIndependentTargetsInParallel = 1;
				LastSwiftUpdateCheck = 1400;
				LastUpgradeCheck = 1400;
				TargetAttributes = {
					345E3D8328FD85E000EB0689 = {
						CreatedOnToolsVersion = 14.0.1;
					};
				};
			};
			buildConfigurationList = 345E3D7F28FD85E000EB0689 /* Build configuration list for PBXProject "PracticeRX" */;
			compatibilityVersion = "Xcode 14.0";
			developmentRegion = en;
			hasScannedForEncodings = 0;
			knownRegions = (
				en,
				Base,
			);
			mainGroup = 345E3D7B28FD85E000EB0689;
			packageReferences = (
				345E3D9B28FD894300EB0689 /* XCRemoteSwiftPackageReference "RxSwift" */,
			);
			productRefGroup = 345E3D8528FD85E000EB0689 /* Products */;
			projectDirPath = "";
			projectRoot = "";
			targets = (
				345E3D8328FD85E000EB0689 /* PracticeRX */,
			);
		};
/* End PBXProject section */

/* Begin PBXResourcesBuildPhase section */
		345E3D8228FD85E000EB0689 /* Resources */ = {
			isa = PBXResourcesBuildPhase;
			buildActionMask = 2147483647;
			files = (
				345E3D9428FD85E100EB0689 /* LaunchScreen.storyboard in Resources */,
				345E3D9128FD85E100EB0689 /* Assets.xcassets in Resources */,
				345E3D8F28FD85E000EB0689 /* Main.storyboard in Resources */,
			);
			runOnlyForDeploymentPostprocessing = 0;
		};
/* End PBXResourcesBuildPhase section */

/* Begin PBXSourcesBuildPhase section */
		345E3D8028FD85E000EB0689 /* Sources */ = {
			isa = PBXSourcesBuildPhase;
			buildActionMask = 2147483647;
			files = (
				345E3D8C28FD85E000EB0689 /* ViewController.swift in Sources */,
				345E3D8828FD85E000EB0689 /* AppDelegate.swift in Sources */,
				345E3D8A28FD85E000EB0689 /* SceneDelegate.swift in Sources */,
				3462996728FD939100DFA07E /* DetailViewController.swift in Sources */,
			);
			runOnlyForDeploymentPostprocessing = 0;
		};
/* End PBXSourcesBuildPhase section */

/* Begin PBXVariantGroup section */
		345E3D8D28FD85E000EB0689 /* Main.storyboard */ = {
			isa = PBXVariantGroup;
			children = (
				345E3D8E28FD85E000EB0689 /* Base */,
			);
			name = Main.storyboard;
			sourceTree = "<group>";
		};
		345E3D9228FD85E100EB0689 /* LaunchScreen.storyboard */ = {
			isa = PBXVariantGroup;
			children = (
				345E3D9328FD85E100EB0689 /* Base */,
			);
			name = LaunchScreen.storyboard;
			sourceTree = "<group>";
		};
/* End PBXVariantGroup section */

/* Begin XCBuildConfiguration section */
		345E3D9628FD85E100EB0689 /* Debug */ = {
			isa = XCBuildConfiguration;
			buildSettings = {
				ALWAYS_SEARCH_USER_PATHS = NO;
				CLANG_ANALYZER_NONNULL = YES;
				CLANG_ANALYZER_NUMBER_OBJECT_CONVERSION = YES_AGGRESSIVE;
				CLANG_CXX_LANGUAGE_STANDARD = "gnu++20";
				CLANG_ENABLE_MODULES = YES;
				CLANG_ENABLE_OBJC_ARC = YES;
				CLANG_ENABLE_OBJC_WEAK = YES;
				CLANG_WARN_BLOCK_CAPTURE_AUTORELEASING = YES;
				CLANG_WARN_BOOL_CONVERSION = YES;
				CLANG_WARN_COMMA = YES;
				CLANG_WARN_CONSTANT_CONVERSION = YES;
				CLANG_WARN_DEPRECATED_OBJC_IMPLEMENTATIONS = YES;
				CLANG_WARN_DIRECT_OBJC_ISA_USAGE = YES_ERROR;
				CLANG_WARN_DOCUMENTATION_COMMENTS = YES;
				CLANG_WARN_EMPTY_BODY = YES;
				CLANG_WARN_ENUM_CONVERSION = YES;
				CLANG_WARN_INFINITE_RECURSION = YES;
				CLANG_WARN_INT_CONVERSION = YES;
				CLANG_WARN_NON_LITERAL_NULL_CONVERSION = YES;
				CLANG_WARN_OBJC_IMPLICIT_RETAIN_SELF = YES;
				CLANG_WARN_OBJC_LITERAL_CONVERSION = YES;
				CLANG_WARN_OBJC_ROOT_CLASS = YES_ERROR;
				CLANG_WARN_QUOTED_INCLUDE_IN_FRAMEWORK_HEADER = YES;
				CLANG_WARN_RANGE_LOOP_ANALYSIS = YES;
				CLANG_WARN_STRICT_PROTOTYPES = YES;
				CLANG_WARN_SUSPICIOUS_MOVE = YES;
				CLANG_WARN_UNGUARDED_AVAILABILITY = YES_AGGRESSIVE;
				CLANG_WARN_UNREACHABLE_CODE = YES;
				CLANG_WARN__DUPLICATE_METHOD_MATCH = YES;
				COPY_PHASE_STRIP = NO;
				DEBUG_INFORMATION_FORMAT = dwarf;
				ENABLE_STRICT_OBJC_MSGSEND = YES;
				ENABLE_TESTABILITY = YES;
				GCC_C_LANGUAGE_STANDARD = gnu11;
				GCC_DYNAMIC_NO_PIC = NO;
				GCC_NO_COMMON_BLOCKS = YES;
				GCC_OPTIMIZATION_LEVEL = 0;
				GCC_PREPROCESSOR_DEFINITIONS = (
					"DEBUG=1",
					"$(inherited)",
				);
				GCC_WARN_64_TO_32_BIT_CONVERSION = YES;
				GCC_WARN_ABOUT_RETURN_TYPE = YES_ERROR;
				GCC_WARN_UNDECLARED_SELECTOR = YES;
				GCC_WARN_UNINITIALIZED_AUTOS = YES_AGGRESSIVE;
				GCC_WARN_UNUSED_FUNCTION = YES;
				GCC_WARN_UNUSED_VARIABLE = YES;
				IPHONEOS_DEPLOYMENT_TARGET = 16.0;
				MTL_ENABLE_DEBUG_INFO = INCLUDE_SOURCE;
				MTL_FAST_MATH = YES;
				ONLY_ACTIVE_ARCH = YES;
				SDKROOT = iphoneos;
				SWIFT_ACTIVE_COMPILATION_CONDITIONS = DEBUG;
				SWIFT_OPTIMIZATION_LEVEL = "-Onone";
			};
			name = Debug;
		};
		345E3D9728FD85E100EB0689 /* Release */ = {
			isa = XCBuildConfiguration;
			buildSettings = {
				ALWAYS_SEARCH_USER_PATHS = NO;
				CLANG_ANALYZER_NONNULL = YES;
				CLANG_ANALYZER_NUMBER_OBJECT_CONVERSION = YES_AGGRESSIVE;
				CLANG_CXX_LANGUAGE_STANDARD = "gnu++20";
				CLANG_ENABLE_MODULES = YES;
				CLANG_ENABLE_OBJC_ARC = YES;
				CLANG_ENABLE_OBJC_WEAK = YES;
				CLANG_WARN_BLOCK_CAPTURE_AUTORELEASING = YES;
				CLANG_WARN_BOOL_CONVERSION = YES;
				CLANG_WARN_COMMA = YES;
				CLANG_WARN_CONSTANT_CONVERSION = YES;
				CLANG_WARN_DEPRECATED_OBJC_IMPLEMENTATIONS = YES;
				CLANG_WARN_DIRECT_OBJC_ISA_USAGE = YES_ERROR;
				CLANG_WARN_DOCUMENTATION_COMMENTS = YES;
				CLANG_WARN_EMPTY_BODY = YES;
				CLANG_WARN_ENUM_CONVERSION = YES;
				CLANG_WARN_INFINITE_RECURSION = YES;
				CLANG_WARN_INT_CONVERSION = YES;
				CLANG_WARN_NON_LITERAL_NULL_CONVERSION = YES;
				CLANG_WARN_OBJC_IMPLICIT_RETAIN_SELF = YES;
				CLANG_WARN_OBJC_LITERAL_CONVERSION = YES;
				CLANG_WARN_OBJC_ROOT_CLASS = YES_ERROR;
				CLANG_WARN_QUOTED_INCLUDE_IN_FRAMEWORK_HEADER = YES;
				CLANG_WARN_RANGE_LOOP_ANALYSIS = YES;
				CLANG_WARN_STRICT_PROTOTYPES = YES;
				CLANG_WARN_SUSPICIOUS_MOVE = YES;
				CLANG_WARN_UNGUARDED_AVAILABILITY = YES_AGGRESSIVE;
				CLANG_WARN_UNREACHABLE_CODE = YES;
				CLANG_WARN__DUPLICATE_METHOD_MATCH = YES;
				COPY_PHASE_STRIP = NO;
				DEBUG_INFORMATION_FORMAT = "dwarf-with-dsym";
				ENABLE_NS_ASSERTIONS = NO;
				ENABLE_STRICT_OBJC_MSGSEND = YES;
				GCC_C_LANGUAGE_STANDARD = gnu11;
				GCC_NO_COMMON_BLOCKS = YES;
				GCC_WARN_64_TO_32_BIT_CONVERSION = YES;
				GCC_WARN_ABOUT_RETURN_TYPE = YES_ERROR;
				GCC_WARN_UNDECLARED_SELECTOR = YES;
				GCC_WARN_UNINITIALIZED_AUTOS = YES_AGGRESSIVE;
				GCC_WARN_UNUSED_FUNCTION = YES;
				GCC_WARN_UNUSED_VARIABLE = YES;
				IPHONEOS_DEPLOYMENT_TARGET = 16.0;
				MTL_ENABLE_DEBUG_INFO = NO;
				MTL_FAST_MATH = YES;
				SDKROOT = iphoneos;
				SWIFT_COMPILATION_MODE = wholemodule;
				SWIFT_OPTIMIZATION_LEVEL = "-O";
				VALIDATE_PRODUCT = YES;
			};
			name = Release;
		};
		345E3D9928FD85E100EB0689 /* Debug */ = {
			isa = XCBuildConfiguration;
			buildSettings = {
				ASSETCATALOG_COMPILER_APPICON_NAME = AppIcon;
				ASSETCATALOG_COMPILER_GLOBAL_ACCENT_COLOR_NAME = AccentColor;
				CODE_SIGN_STYLE = Automatic;
				CURRENT_PROJECT_VERSION = 1;
				DEVELOPMENT_TEAM = JPL38XBHJ4;
				GENERATE_INFOPLIST_FILE = YES;
				INFOPLIST_FILE = PracticeRX/Info.plist;
				INFOPLIST_KEY_UIApplicationSupportsIndirectInputEvents = YES;
				INFOPLIST_KEY_UILaunchStoryboardName = LaunchScreen;
				INFOPLIST_KEY_UIMainStoryboardFile = Main;
				INFOPLIST_KEY_UISupportedInterfaceOrientations_iPad = "UIInterfaceOrientationPortrait UIInterfaceOrientationPortraitUpsideDown UIInterfaceOrientationLandscapeLeft UIInterfaceOrientationLandscapeRight";
				INFOPLIST_KEY_UISupportedInterfaceOrientations_iPhone = "UIInterfaceOrientationPortrait UIInterfaceOrientationLandscapeLeft UIInterfaceOrientationLandscapeRight";
				LD_RUNPATH_SEARCH_PATHS = (
					"$(inherited)",
					"@executable_path/Frameworks",
				);
				MARKETING_VERSION = 1.0;
				PRODUCT_BUNDLE_IDENTIFIER = com.led.PracticeRX;
				PRODUCT_NAME = "$(TARGET_NAME)";
				SWIFT_EMIT_LOC_STRINGS = YES;
				SWIFT_VERSION = 5.0;
				TARGETED_DEVICE_FAMILY = "1,2";
			};
			name = Debug;
		};
		345E3D9A28FD85E100EB0689 /* Release */ = {
			isa = XCBuildConfiguration;
			buildSettings = {
				ASSETCATALOG_COMPILER_APPICON_NAME = AppIcon;
				ASSETCATALOG_COMPILER_GLOBAL_ACCENT_COLOR_NAME = AccentColor;
				CODE_SIGN_STYLE = Automatic;
				CURRENT_PROJECT_VERSION = 1;
				DEVELOPMENT_TEAM = JPL38XBHJ4;
				GENERATE_INFOPLIST_FILE = YES;
				INFOPLIST_FILE = PracticeRX/Info.plist;
				INFOPLIST_KEY_UIApplicationSupportsIndirectInputEvents = YES;
				INFOPLIST_KEY_UILaunchStoryboardName = LaunchScreen;
				INFOPLIST_KEY_UIMainStoryboardFile = Main;
				INFOPLIST_KEY_UISupportedInterfaceOrientations_iPad = "UIInterfaceOrientationPortrait UIInterfaceOrientationPortraitUpsideDown UIInterfaceOrientationLandscapeLeft UIInterfaceOrientationLandscapeRight";
				INFOPLIST_KEY_UISupportedInterfaceOrientations_iPhone = "UIInterfaceOrientationPortrait UIInterfaceOrientationLandscapeLeft UIInterfaceOrientationLandscapeRight";
				LD_RUNPATH_SEARCH_PATHS = (
					"$(inherited)",
					"@executable_path/Frameworks",
				);
				MARKETING_VERSION = 1.0;
				PRODUCT_BUNDLE_IDENTIFIER = com.led.PracticeRX;
				PRODUCT_NAME = "$(TARGET_NAME)";
				SWIFT_EMIT_LOC_STRINGS = YES;
				SWIFT_VERSION = 5.0;
				TARGETED_DEVICE_FAMILY = "1,2";
			};
			name = Release;
		};
/* End XCBuildConfiguration section */

/* Begin XCConfigurationList section */
		345E3D7F28FD85E000EB0689 /* Build configuration list for PBXProject "PracticeRX" */ = {
			isa = XCConfigurationList;
			buildConfigurations = (
				345E3D9628FD85E100EB0689 /* Debug */,
				345E3D9728FD85E100EB0689 /* Release */,
			);
			defaultConfigurationIsVisible = 0;
			defaultConfigurationName = Release;
		};
		345E3D9828FD85E100EB0689 /* Build configuration list for PBXNativeTarget "PracticeRX" */ = {
			isa = XCConfigurationList;
			buildConfigurations = (
				345E3D9928FD85E100EB0689 /* Debug */,
				345E3D9A28FD85E100EB0689 /* Release */,
			);
			defaultConfigurationIsVisible = 0;
			defaultConfigurationName = Release;
		};
/* End XCConfigurationList section */

/* Begin XCRemoteSwiftPackageReference section */
		345E3D9B28FD894300EB0689 /* XCRemoteSwiftPackageReference "RxSwift" */ = {
			isa = XCRemoteSwiftPackageReference;
			repositoryURL = "https://github.com/ReactiveX/RxSwift.git";
			requirement = {
				kind = upToNextMajorVersion;
				minimumVersion = 6.0.0;
			};
		};
/* End XCRemoteSwiftPackageReference section */

/* Begin XCSwiftPackageProductDependency section */
		345054A928FD8A0D00DC2377 /* RxSwift */ = {
			isa = XCSwiftPackageProductDependency;
			package = 345E3D9B28FD894300EB0689 /* XCRemoteSwiftPackageReference "RxSwift" */;
			productName = RxSwift;
		};
		3462996428FD91C200DFA07E /* RxCocoa */ = {
			isa = XCSwiftPackageProductDependency;
			package = 345E3D9B28FD894300EB0689 /* XCRemoteSwiftPackageReference "RxSwift" */;
			productName = RxCocoa;
		};
/* End XCSwiftPackageProductDependency section */
	};
	rootObject = 345E3D7C28FD85E000EB0689 /* Project object */;
}
