// !$*UTF8*$!
{
	archiveVersion = 1;
	classes = {
	};
	objectVersion = 55;
	objects = {

/* Begin PBXBuildFile section */
		3471B45328BF0A1800CC9104 /* FingerPointDetector.swift in Sources */ = {isa = PBXBuildFile; fileRef = 3471B45228BF0A1800CC9104 /* FingerPointDetector.swift */; };
		34C5C2DF28BDA79D00E8A0DB /* AppDelegate.swift in Sources */ = {isa = PBXBuildFile; fileRef = 34C5C2DE28BDA79D00E8A0DB /* AppDelegate.swift */; };
		34C5C2E128BDA79D00E8A0DB /* SceneDelegate.swift in Sources */ = {isa = PBXBuildFile; fileRef = 34C5C2E028BDA79D00E8A0DB /* SceneDelegate.swift */; };
		34C5C2E328BDA79D00E8A0DB /* ViewController.swift in Sources */ = {isa = PBXBuildFile; fileRef = 34C5C2E228BDA79D00E8A0DB /* ViewController.swift */; };
		34C5C2E628BDA79D00E8A0DB /* Main.storyboard in Resources */ = {isa = PBXBuildFile; fileRef = 34C5C2E428BDA79D00E8A0DB /* Main.storyboard */; };
		34C5C2E828BDA79F00E8A0DB /* Assets.xcassets in Resources */ = {isa = PBXBuildFile; fileRef = 34C5C2E728BDA79F00E8A0DB /* Assets.xcassets */; };
		34C5C2EB28BDA79F00E8A0DB /* LaunchScreen.storyboard in Resources */ = {isa = PBXBuildFile; fileRef = 34C5C2E928BDA79F00E8A0DB /* LaunchScreen.storyboard */; };
		34C5C2F528BDADD300E8A0DB /* Resnet50.mlmodel in Sources */ = {isa = PBXBuildFile; fileRef = 34C5C2F428BDADD300E8A0DB /* Resnet50.mlmodel */; };
		34C5C2F728BDB07900E8A0DB /* ParsleyModel.mlpackage in Sources */ = {isa = PBXBuildFile; fileRef = 34C5C2F628BDB07900E8A0DB /* ParsleyModel.mlpackage */; };
		34C5C2F928BDBFBC00E8A0DB /* VideoCapture.swift in Sources */ = {isa = PBXBuildFile; fileRef = 34C5C2F828BDBFBC00E8A0DB /* VideoCapture.swift */; };
		34C5C2FB28BDCF7E00E8A0DB /* Predictor.swift in Sources */ = {isa = PBXBuildFile; fileRef = 34C5C2FA28BDCF7D00E8A0DB /* Predictor.swift */; };
/* End PBXBuildFile section */

/* Begin PBXFileReference section */
		3471B45228BF0A1800CC9104 /* FingerPointDetector.swift */ = {isa = PBXFileReference; lastKnownFileType = sourcecode.swift; path = FingerPointDetector.swift; sourceTree = "<group>"; };
		34C5C2DB28BDA79D00E8A0DB /* HandAction.app */ = {isa = PBXFileReference; explicitFileType = wrapper.application; includeInIndex = 0; path = HandAction.app; sourceTree = BUILT_PRODUCTS_DIR; };
		34C5C2DE28BDA79D00E8A0DB /* AppDelegate.swift */ = {isa = PBXFileReference; lastKnownFileType = sourcecode.swift; path = AppDelegate.swift; sourceTree = "<group>"; };
		34C5C2E028BDA79D00E8A0DB /* SceneDelegate.swift */ = {isa = PBXFileReference; lastKnownFileType = sourcecode.swift; path = SceneDelegate.swift; sourceTree = "<group>"; };
		34C5C2E228BDA79D00E8A0DB /* ViewController.swift */ = {isa = PBXFileReference; lastKnownFileType = sourcecode.swift; path = ViewController.swift; sourceTree = "<group>"; };
		34C5C2E528BDA79D00E8A0DB /* Base */ = {isa = PBXFileReference; lastKnownFileType = file.storyboard; name = Base; path = Base.lproj/Main.storyboard; sourceTree = "<group>"; };
		34C5C2E728BDA79F00E8A0DB /* Assets.xcassets */ = {isa = PBXFileReference; lastKnownFileType = folder.assetcatalog; path = Assets.xcassets; sourceTree = "<group>"; };
		34C5C2EA28BDA79F00E8A0DB /* Base */ = {isa = PBXFileReference; lastKnownFileType = file.storyboard; name = Base; path = Base.lproj/LaunchScreen.storyboard; sourceTree = "<group>"; };
		34C5C2EC28BDA79F00E8A0DB /* Info.plist */ = {isa = PBXFileReference; lastKnownFileType = text.plist.xml; path = Info.plist; sourceTree = "<group>"; };
		34C5C2F428BDADD300E8A0DB /* Resnet50.mlmodel */ = {isa = PBXFileReference; lastKnownFileType = file.mlmodel; path = Resnet50.mlmodel; sourceTree = "<group>"; };
		34C5C2F628BDB07900E8A0DB /* ParsleyModel.mlpackage */ = {isa = PBXFileReference; lastKnownFileType = folder.mlpackage; path = ParsleyModel.mlpackage; sourceTree = "<group>"; };
		34C5C2F828BDBFBC00E8A0DB /* VideoCapture.swift */ = {isa = PBXFileReference; lastKnownFileType = sourcecode.swift; path = VideoCapture.swift; sourceTree = "<group>"; };
		34C5C2FA28BDCF7D00E8A0DB /* Predictor.swift */ = {isa = PBXFileReference; lastKnownFileType = sourcecode.swift; path = Predictor.swift; sourceTree = "<group>"; };
/* End PBXFileReference section */

/* Begin PBXFrameworksBuildPhase section */
		34C5C2D828BDA79D00E8A0DB /* Frameworks */ = {
			isa = PBXFrameworksBuildPhase;
			buildActionMask = 2147483647;
			files = (
			);
			runOnlyForDeploymentPostprocessing = 0;
		};
/* End PBXFrameworksBuildPhase section */

/* Begin PBXGroup section */
		34C5C2D228BDA79D00E8A0DB = {
			isa = PBXGroup;
			children = (
				34C5C2DD28BDA79D00E8A0DB /* HandAction */,
				34C5C2DC28BDA79D00E8A0DB /* Products */,
			);
			sourceTree = "<group>";
		};
		34C5C2DC28BDA79D00E8A0DB /* Products */ = {
			isa = PBXGroup;
			children = (
				34C5C2DB28BDA79D00E8A0DB /* HandAction.app */,
			);
			name = Products;
			sourceTree = "<group>";
		};
		34C5C2DD28BDA79D00E8A0DB /* HandAction */ = {
			isa = PBXGroup;
			children = (
				34C5C2DE28BDA79D00E8A0DB /* AppDelegate.swift */,
				34C5C2E028BDA79D00E8A0DB /* SceneDelegate.swift */,
				34C5C2E228BDA79D00E8A0DB /* ViewController.swift */,
				3471B45228BF0A1800CC9104 /* FingerPointDetector.swift */,
				34C5C2F828BDBFBC00E8A0DB /* VideoCapture.swift */,
				34C5C2FA28BDCF7D00E8A0DB /* Predictor.swift */,
				34C5C2F628BDB07900E8A0DB /* ParsleyModel.mlpackage */,
				34C5C2F428BDADD300E8A0DB /* Resnet50.mlmodel */,
				34C5C2E428BDA79D00E8A0DB /* Main.storyboard */,
				34C5C2E728BDA79F00E8A0DB /* Assets.xcassets */,
				34C5C2E928BDA79F00E8A0DB /* LaunchScreen.storyboard */,
				34C5C2EC28BDA79F00E8A0DB /* Info.plist */,
			);
			path = HandAction;
			sourceTree = "<group>";
		};
/* End PBXGroup section */

/* Begin PBXNativeTarget section */
		34C5C2DA28BDA79D00E8A0DB /* HandAction */ = {
			isa = PBXNativeTarget;
			buildConfigurationList = 34C5C2EF28BDA79F00E8A0DB /* Build configuration list for PBXNativeTarget "HandAction" */;
			buildPhases = (
				34C5C2D728BDA79D00E8A0DB /* Sources */,
				34C5C2D828BDA79D00E8A0DB /* Frameworks */,
				34C5C2D928BDA79D00E8A0DB /* Resources */,
			);
			buildRules = (
			);
			dependencies = (
			);
			name = HandAction;
			productName = HandAction;
			productReference = 34C5C2DB28BDA79D00E8A0DB /* HandAction.app */;
			productType = "com.apple.product-type.application";
		};
/* End PBXNativeTarget section */

/* Begin PBXProject section */
		34C5C2D328BDA79D00E8A0DB /* Project object */ = {
			isa = PBXProject;
			attributes = {
				BuildIndependentTargetsInParallel = 1;
				LastSwiftUpdateCheck = 1340;
				LastUpgradeCheck = 1340;
				TargetAttributes = {
					34C5C2DA28BDA79D00E8A0DB = {
						CreatedOnToolsVersion = 13.4.1;
					};
				};
			};
			buildConfigurationList = 34C5C2D628BDA79D00E8A0DB /* Build configuration list for PBXProject "HandAction" */;
			compatibilityVersion = "Xcode 13.0";
			developmentRegion = en;
			hasScannedForEncodings = 0;
			knownRegions = (
				en,
				Base,
			);
			mainGroup = 34C5C2D228BDA79D00E8A0DB;
			productRefGroup = 34C5C2DC28BDA79D00E8A0DB /* Products */;
			projectDirPath = "";
			projectRoot = "";
			targets = (
				34C5C2DA28BDA79D00E8A0DB /* HandAction */,
			);
		};
/* End PBXProject section */

/* Begin PBXResourcesBuildPhase section */
		34C5C2D928BDA79D00E8A0DB /* Resources */ = {
			isa = PBXResourcesBuildPhase;
			buildActionMask = 2147483647;
			files = (
				34C5C2EB28BDA79F00E8A0DB /* LaunchScreen.storyboard in Resources */,
				34C5C2E828BDA79F00E8A0DB /* Assets.xcassets in Resources */,
				34C5C2E628BDA79D00E8A0DB /* Main.storyboard in Resources */,
			);
			runOnlyForDeploymentPostprocessing = 0;
		};
/* End PBXResourcesBuildPhase section */

/* Begin PBXSourcesBuildPhase section */
		34C5C2D728BDA79D00E8A0DB /* Sources */ = {
			isa = PBXSourcesBuildPhase;
			buildActionMask = 2147483647;
			files = (
				34C5C2F528BDADD300E8A0DB /* Resnet50.mlmodel in Sources */,
				34C5C2E328BDA79D00E8A0DB /* ViewController.swift in Sources */,
				34C5C2F728BDB07900E8A0DB /* ParsleyModel.mlpackage in Sources */,
				3471B45328BF0A1800CC9104 /* FingerPointDetector.swift in Sources */,
				34C5C2DF28BDA79D00E8A0DB /* AppDelegate.swift in Sources */,
				34C5C2FB28BDCF7E00E8A0DB /* Predictor.swift in Sources */,
				34C5C2F928BDBFBC00E8A0DB /* VideoCapture.swift in Sources */,
				34C5C2E128BDA79D00E8A0DB /* SceneDelegate.swift in Sources */,
			);
			runOnlyForDeploymentPostprocessing = 0;
		};
/* End PBXSourcesBuildPhase section */

/* Begin PBXVariantGroup section */
		34C5C2E428BDA79D00E8A0DB /* Main.storyboard */ = {
			isa = PBXVariantGroup;
			children = (
				34C5C2E528BDA79D00E8A0DB /* Base */,
			);
			name = Main.storyboard;
			sourceTree = "<group>";
		};
		34C5C2E928BDA79F00E8A0DB /* LaunchScreen.storyboard */ = {
			isa = PBXVariantGroup;
			children = (
				34C5C2EA28BDA79F00E8A0DB /* Base */,
			);
			name = LaunchScreen.storyboard;
			sourceTree = "<group>";
		};
/* End PBXVariantGroup section */

/* Begin XCBuildConfiguration section */
		34C5C2ED28BDA79F00E8A0DB /* Debug */ = {
			isa = XCBuildConfiguration;
			buildSettings = {
				ALWAYS_SEARCH_USER_PATHS = NO;
				CLANG_ANALYZER_NONNULL = YES;
				CLANG_ANALYZER_NUMBER_OBJECT_CONVERSION = YES_AGGRESSIVE;
				CLANG_CXX_LANGUAGE_STANDARD = "gnu++17";
				CLANG_ENABLE_MODULES = YES;
				CLANG_ENABLE_OBJC_ARC = YES;
				CLANG_ENABLE_OBJC_WEAK = YES;
				CLANG_WARN_BLOCK_CAPTURE_AUTORELEASING = YES;
				CLANG_WARN_BOOL_CONVERSION = YES;
				CLANG_WARN_COMMA = YES;
				CLANG_WARN_CONSTANT_CONVERSION = YES;
				CLANG_WARN_DEPRECATED_OBJC_IMPLEMENTATIONS = YES;
				CLANG_WARN_DIRECT_OBJC_ISA_USAGE = YES_ERROR;
				CLANG_WARN_DOCUMENTATION_COMMENTS = YES;
				CLANG_WARN_EMPTY_BODY = YES;
				CLANG_WARN_ENUM_CONVERSION = YES;
				CLANG_WARN_INFINITE_RECURSION = YES;
				CLANG_WARN_INT_CONVERSION = YES;
				CLANG_WARN_NON_LITERAL_NULL_CONVERSION = YES;
				CLANG_WARN_OBJC_IMPLICIT_RETAIN_SELF = YES;
				CLANG_WARN_OBJC_LITERAL_CONVERSION = YES;
				CLANG_WARN_OBJC_ROOT_CLASS = YES_ERROR;
				CLANG_WARN_QUOTED_INCLUDE_IN_FRAMEWORK_HEADER = YES;
				CLANG_WARN_RANGE_LOOP_ANALYSIS = YES;
				CLANG_WARN_STRICT_PROTOTYPES = YES;
				CLANG_WARN_SUSPICIOUS_MOVE = YES;
				CLANG_WARN_UNGUARDED_AVAILABILITY = YES_AGGRESSIVE;
				CLANG_WARN_UNREACHABLE_CODE = YES;
				CLANG_WARN__DUPLICATE_METHOD_MATCH = YES;
				COPY_PHASE_STRIP = NO;
				DEBUG_INFORMATION_FORMAT = dwarf;
				ENABLE_STRICT_OBJC_MSGSEND = YES;
				ENABLE_TESTABILITY = YES;
				GCC_C_LANGUAGE_STANDARD = gnu11;
				GCC_DYNAMIC_NO_PIC = NO;
				GCC_NO_COMMON_BLOCKS = YES;
				GCC_OPTIMIZATION_LEVEL = 0;
				GCC_PREPROCESSOR_DEFINITIONS = (
					"DEBUG=1",
					"$(inherited)",
				);
				GCC_WARN_64_TO_32_BIT_CONVERSION = YES;
				GCC_WARN_ABOUT_RETURN_TYPE = YES_ERROR;
				GCC_WARN_UNDECLARED_SELECTOR = YES;
				GCC_WARN_UNINITIALIZED_AUTOS = YES_AGGRESSIVE;
				GCC_WARN_UNUSED_FUNCTION = YES;
				GCC_WARN_UNUSED_VARIABLE = YES;
				IPHONEOS_DEPLOYMENT_TARGET = 15.5;
				MTL_ENABLE_DEBUG_INFO = INCLUDE_SOURCE;
				MTL_FAST_MATH = YES;
				ONLY_ACTIVE_ARCH = YES;
				SDKROOT = iphoneos;
				SWIFT_ACTIVE_COMPILATION_CONDITIONS = DEBUG;
				SWIFT_OPTIMIZATION_LEVEL = "-Onone";
			};
			name = Debug;
		};
		34C5C2EE28BDA79F00E8A0DB /* Release */ = {
			isa = XCBuildConfiguration;
			buildSettings = {
				ALWAYS_SEARCH_USER_PATHS = NO;
				CLANG_ANALYZER_NONNULL = YES;
				CLANG_ANALYZER_NUMBER_OBJECT_CONVERSION = YES_AGGRESSIVE;
				CLANG_CXX_LANGUAGE_STANDARD = "gnu++17";
				CLANG_ENABLE_MODULES = YES;
				CLANG_ENABLE_OBJC_ARC = YES;
				CLANG_ENABLE_OBJC_WEAK = YES;
				CLANG_WARN_BLOCK_CAPTURE_AUTORELEASING = YES;
				CLANG_WARN_BOOL_CONVERSION = YES;
				CLANG_WARN_COMMA = YES;
				CLANG_WARN_CONSTANT_CONVERSION = YES;
				CLANG_WARN_DEPRECATED_OBJC_IMPLEMENTATIONS = YES;
				CLANG_WARN_DIRECT_OBJC_ISA_USAGE = YES_ERROR;
				CLANG_WARN_DOCUMENTATION_COMMENTS = YES;
				CLANG_WARN_EMPTY_BODY = YES;
				CLANG_WARN_ENUM_CONVERSION = YES;
				CLANG_WARN_INFINITE_RECURSION = YES;
				CLANG_WARN_INT_CONVERSION = YES;
				CLANG_WARN_NON_LITERAL_NULL_CONVERSION = YES;
				CLANG_WARN_OBJC_IMPLICIT_RETAIN_SELF = YES;
				CLANG_WARN_OBJC_LITERAL_CONVERSION = YES;
				CLANG_WARN_OBJC_ROOT_CLASS = YES_ERROR;
				CLANG_WARN_QUOTED_INCLUDE_IN_FRAMEWORK_HEADER = YES;
				CLANG_WARN_RANGE_LOOP_ANALYSIS = YES;
				CLANG_WARN_STRICT_PROTOTYPES = YES;
				CLANG_WARN_SUSPICIOUS_MOVE = YES;
				CLANG_WARN_UNGUARDED_AVAILABILITY = YES_AGGRESSIVE;
				CLANG_WARN_UNREACHABLE_CODE = YES;
				CLANG_WARN__DUPLICATE_METHOD_MATCH = YES;
				COPY_PHASE_STRIP = NO;
				DEBUG_INFORMATION_FORMAT = "dwarf-with-dsym";
				ENABLE_NS_ASSERTIONS = NO;
				ENABLE_STRICT_OBJC_MSGSEND = YES;
				GCC_C_LANGUAGE_STANDARD = gnu11;
				GCC_NO_COMMON_BLOCKS = YES;
				GCC_WARN_64_TO_32_BIT_CONVERSION = YES;
				GCC_WARN_ABOUT_RETURN_TYPE = YES_ERROR;
				GCC_WARN_UNDECLARED_SELECTOR = YES;
				GCC_WARN_UNINITIALIZED_AUTOS = YES_AGGRESSIVE;
				GCC_WARN_UNUSED_FUNCTION = YES;
				GCC_WARN_UNUSED_VARIABLE = YES;
				IPHONEOS_DEPLOYMENT_TARGET = 15.5;
				MTL_ENABLE_DEBUG_INFO = NO;
				MTL_FAST_MATH = YES;
				SDKROOT = iphoneos;
				SWIFT_COMPILATION_MODE = wholemodule;
				SWIFT_OPTIMIZATION_LEVEL = "-O";
				VALIDATE_PRODUCT = YES;
			};
			name = Release;
		};
		34C5C2F028BDA79F00E8A0DB /* Debug */ = {
			isa = XCBuildConfiguration;
			buildSettings = {
				ASSETCATALOG_COMPILER_APPICON_NAME = AppIcon;
				ASSETCATALOG_COMPILER_GLOBAL_ACCENT_COLOR_NAME = AccentColor;
				CODE_SIGN_STYLE = Automatic;
				CURRENT_PROJECT_VERSION = 1;
				DEVELOPMENT_TEAM = JPL38XBHJ4;
				GENERATE_INFOPLIST_FILE = YES;
				INFOPLIST_FILE = HandAction/Info.plist;
				INFOPLIST_KEY_NSCameraUsageDescription = "카메라를 사용합니다";
				INFOPLIST_KEY_UIApplicationSupportsIndirectInputEvents = YES;
				INFOPLIST_KEY_UILaunchStoryboardName = LaunchScreen;
				INFOPLIST_KEY_UIMainStoryboardFile = Main;
				INFOPLIST_KEY_UISupportedInterfaceOrientations_iPad = "UIInterfaceOrientationPortrait UIInterfaceOrientationPortraitUpsideDown UIInterfaceOrientationLandscapeLeft UIInterfaceOrientationLandscapeRight";
				INFOPLIST_KEY_UISupportedInterfaceOrientations_iPhone = "UIInterfaceOrientationPortrait UIInterfaceOrientationLandscapeLeft UIInterfaceOrientationLandscapeRight";
				LD_RUNPATH_SEARCH_PATHS = (
					"$(inherited)",
					"@executable_path/Frameworks",
				);
				MARKETING_VERSION = 1.0;
				PRODUCT_BUNDLE_IDENTIFIER = com.led.HandAction;
				PRODUCT_NAME = "$(TARGET_NAME)";
				SWIFT_EMIT_LOC_STRINGS = YES;
				SWIFT_VERSION = 5.0;
				TARGETED_DEVICE_FAMILY = "1,2";
			};
			name = Debug;
		};
		34C5C2F128BDA79F00E8A0DB /* Release */ = {
			isa = XCBuildConfiguration;
			buildSettings = {
				ASSETCATALOG_COMPILER_APPICON_NAME = AppIcon;
				ASSETCATALOG_COMPILER_GLOBAL_ACCENT_COLOR_NAME = AccentColor;
				CODE_SIGN_STYLE = Automatic;
				CURRENT_PROJECT_VERSION = 1;
				DEVELOPMENT_TEAM = JPL38XBHJ4;
				GENERATE_INFOPLIST_FILE = YES;
				INFOPLIST_FILE = HandAction/Info.plist;
				INFOPLIST_KEY_NSCameraUsageDescription = "카메라를 사용합니다";
				INFOPLIST_KEY_UIApplicationSupportsIndirectInputEvents = YES;
				INFOPLIST_KEY_UILaunchStoryboardName = LaunchScreen;
				INFOPLIST_KEY_UIMainStoryboardFile = Main;
				INFOPLIST_KEY_UISupportedInterfaceOrientations_iPad = "UIInterfaceOrientationPortrait UIInterfaceOrientationPortraitUpsideDown UIInterfaceOrientationLandscapeLeft UIInterfaceOrientationLandscapeRight";
				INFOPLIST_KEY_UISupportedInterfaceOrientations_iPhone = "UIInterfaceOrientationPortrait UIInterfaceOrientationLandscapeLeft UIInterfaceOrientationLandscapeRight";
				LD_RUNPATH_SEARCH_PATHS = (
					"$(inherited)",
					"@executable_path/Frameworks",
				);
				MARKETING_VERSION = 1.0;
				PRODUCT_BUNDLE_IDENTIFIER = com.led.HandAction;
				PRODUCT_NAME = "$(TARGET_NAME)";
				SWIFT_EMIT_LOC_STRINGS = YES;
				SWIFT_VERSION = 5.0;
				TARGETED_DEVICE_FAMILY = "1,2";
			};
			name = Release;
		};
/* End XCBuildConfiguration section */

/* Begin XCConfigurationList section */
		34C5C2D628BDA79D00E8A0DB /* Build configuration list for PBXProject "HandAction" */ = {
			isa = XCConfigurationList;
			buildConfigurations = (
				34C5C2ED28BDA79F00E8A0DB /* Debug */,
				34C5C2EE28BDA79F00E8A0DB /* Release */,
			);
			defaultConfigurationIsVisible = 0;
			defaultConfigurationName = Release;
		};
		34C5C2EF28BDA79F00E8A0DB /* Build configuration list for PBXNativeTarget "HandAction" */ = {
			isa = XCConfigurationList;
			buildConfigurations = (
				34C5C2F028BDA79F00E8A0DB /* Debug */,
				34C5C2F128BDA79F00E8A0DB /* Release */,
			);
			defaultConfigurationIsVisible = 0;
			defaultConfigurationName = Release;
		};
/* End XCConfigurationList section */
	};
	rootObject = 34C5C2D328BDA79D00E8A0DB /* Project object */;
}
